
Microsoft Visual Studio Solution File, Format Version 12.00
# Visual Studio Version 17
VisualStudioVersion = 17.2.32630.192
MinimumVisualStudioVersion = 10.0.40219.1
Project("{9A19103F-16F7-4668-BE54-9A1E7A4F7556}") = "R5T.F0017", "R5T.F0017\R5T.F0017.csproj", "{CB11D987-21C2-401E-8EB1-A68DFD86D62C}"
EndProject
Project("{9A19103F-16F7-4668-BE54-9A1E7A4F7556}") = "R5T.F0017.F002", "R5T.F0017.F002\R5T.F0017.F002.csproj", "{0221F62F-B0B5-4AAA-9EE8-9E408FFF1EEE}"
EndProject
Project("{9A19103F-16F7-4668-BE54-9A1E7A4F7556}") = "R5T.F0017.F002.V000", "R5T.F0017.F002.V000\R5T.F0017.F002.V000.csproj", "{27FC6249-6A85-4A4A-A9BE-BFDD148234A3}"
EndProject
Project("{9A19103F-16F7-4668-BE54-9A1E7A4F7556}") = "R5T.F0017.F002.V000.T000", "R5T.F0017.F002.V000.T000\R5T.F0017.F002.V000.T000.csproj", "{2957C954-7306-4B56-BD62-F3B136C4197C}"
EndProject
Project("{9A19103F-16F7-4668-BE54-9A1E7A4F7556}") = "R5T.F0017.F002.V000.Z000", "R5T.F0017.F002.V000.Z000\R5T.F0017.F002.V000.Z000.csproj", "{218C042F-B90D-40C5-AC9A-3672E5AB37A0}"
EndProject
Project("{9A19103F-16F7-4668-BE54-9A1E7A4F7556}") = "R5T.F0017.F002.V000.F000", "R5T.F0017.F002.V000.F000\R5T.F0017.F002.V000.F000.csproj", "{EA2908A0-39B1-4558-9776-87041E745014}"
EndProject
Project("{2150E333-8FDC-42A3-9474-1A3956D46DE8}") = "_Dependencies", "_Dependencies", "{227A544D-3A4D-4B34-A6C0-BB1C86E4A42C}"
EndProject
Project("{9A19103F-16F7-4668-BE54-9A1E7A4F7556}") = "R5T.T0140", "..\..\R5T.T0140\source\R5T.T0140\R5T.T0140.csproj", "{D30E0AF9-E0DB-4153-A1C3-2363643BEB59}"
EndProject
Project("{9A19103F-16F7-4668-BE54-9A1E7A4F7556}") = "R5T.T0131", "..\..\R5T.T0131\source\R5T.T0131\R5T.T0131.csproj", "{FDF7D431-2AF6-43C0-9099-5A41426975C0}"
EndProject
Project("{9A19103F-16F7-4668-BE54-9A1E7A4F7556}") = "R5T.Y0000", "..\..\R5T.Y0000\source\R5T.Y0000\R5T.Y0000.csproj", "{581A76A8-B95F-4C5A-BF5E-32A3166D9C07}"
EndProject
Project("{9A19103F-16F7-4668-BE54-9A1E7A4F7556}") = "R5T.F0018", "..\..\R5T.F0018\source\R5T.F0018\R5T.F0018.csproj", "{CD82F9DF-D58C-46C5-BC7D-9F26C308BB49}"
EndProject
Project("{9A19103F-16F7-4668-BE54-9A1E7A4F7556}") = "R5T.T0132", "..\..\R5T.T0132\source\R5T.T0132\R5T.T0132.csproj", "{6769D057-08D8-4A41-B3A5-B7744B43C0E7}"
EndProject
Project("{9A19103F-16F7-4668-BE54-9A1E7A4F7556}") = "R5T.L0021", "..\..\R5T.L0021\source\R5T.L0021\R5T.L0021.csproj", "{8639F52B-5ED3-40A4-A8D4-0B574A25F066}"
EndProject
Project("{9A19103F-16F7-4668-BE54-9A1E7A4F7556}") = "R5T.T0041.X002", "..\..\R5T.T0041\source\R5T.T0041.X002\R5T.T0041.X002.csproj", "{CC1CCA42-BCD1-487F-9931-FB52E594C47F}"
EndProject
Project("{9A19103F-16F7-4668-BE54-9A1E7A4F7556}") = "R5T.Magyar.T002.X000", "..\..\R5T.Magyar\source\R5T.Magyar.T002.X000\R5T.Magyar.T002.X000.csproj", "{CA687175-6DFA-42DD-B883-8F9995C096CF}"
EndProject
Project("{9A19103F-16F7-4668-BE54-9A1E7A4F7556}") = "R5T.Magyar.T002", "..\..\R5T.Magyar\source\R5T.Magyar.T002\R5T.Magyar.T002.csproj", "{BA8DFFAE-66D6-4F68-8F8F-21D07522F948}"
EndProject
Project("{9A19103F-16F7-4668-BE54-9A1E7A4F7556}") = "R5T.T0039.T002", "..\..\R5T.T0039\source\R5T.T0039.T002\R5T.T0039.T002.csproj", "{1E0CEF6D-0F0F-4C35-BA9D-03EDC2CF9AE8}"
EndProject
Project("{9A19103F-16F7-4668-BE54-9A1E7A4F7556}") = "R5T.T0021.X003", "..\..\R5T.T0021\source\R5T.T0021.X003\R5T.T0021.X003.csproj", "{AD82F754-0018-44B5-B99A-43EE9D5E2D3D}"
EndProject
Project("{9A19103F-16F7-4668-BE54-9A1E7A4F7556}") = "R5T.Magyar", "..\..\R5T.Magyar\source\R5T.Magyar\R5T.Magyar.csproj", "{646729E5-C3CC-47E6-8BBE-ACC1E8553218}"
EndProject
Project("{9A19103F-16F7-4668-BE54-9A1E7A4F7556}") = "R5T.T0021", "..\..\R5T.T0021\source\R5T.T0021\R5T.T0021.csproj", "{4EEF9E15-413B-4837-9EB0-CDC24CCD2998}"
EndProject
Project("{9A19103F-16F7-4668-BE54-9A1E7A4F7556}") = "R5T.T0042.X001", "..\..\R5T.T0042\source\R5T.T0042.X001\R5T.T0042.X001.csproj", "{AA00D7A9-2B68-4440-92C3-9DF1F2B2F8E1}"
EndProject
Project("{9A19103F-16F7-4668-BE54-9A1E7A4F7556}") = "R5T.T0042", "..\..\R5T.T0042\source\R5T.T0042\R5T.T0042.csproj", "{BFD692CA-9D4E-409F-AADA-0B87E32296A9}"
EndProject
Project("{9A19103F-16F7-4668-BE54-9A1E7A4F7556}") = "R5T.T0041.X001", "..\..\R5T.T0041\source\R5T.T0041.X001\R5T.T0041.X001.csproj", "{37036D4B-C656-4FC7-BD79-07FDDB984CE0}"
EndProject
Project("{9A19103F-16F7-4668-BE54-9A1E7A4F7556}") = "R5T.T0041", "..\..\R5T.T0041\source\R5T.T0041\R5T.T0041.csproj", "{7FBA5140-ADDD-4435-BD3A-AD3FF9512C4A}"
EndProject
Project("{9A19103F-16F7-4668-BE54-9A1E7A4F7556}") = "R5T.L0020", "..\..\R5T.L0020\source\R5T.L0020\R5T.L0020.csproj", "{D69E3C87-AD5B-4F50-B039-045242FFD083}"
EndProject
Project("{9A19103F-16F7-4668-BE54-9A1E7A4F7556}") = "R5T.T0119.X001", "..\..\R5T.T0119\source\R5T.T0119.X001\R5T.T0119.X001.csproj", "{ADA9D26D-8AF5-4178-BA1B-57A2EE267796}"
EndProject
Project("{9A19103F-16F7-4668-BE54-9A1E7A4F7556}") = "R5T.T0120.X002", "..\..\R5T.T0120\source\R5T.T0120.X002\R5T.T0120.X002.csproj", "{71EF517D-995F-4BE5-9F4D-F1AE1FCF9AA4}"
EndProject
Global
	GlobalSection(NestedProjects) = preSolution
		{D30E0AF9-E0DB-4153-A1C3-2363643BEB59} = {227A544D-3A4D-4B34-A6C0-BB1C86E4A42C}
		{FDF7D431-2AF6-43C0-9099-5A41426975C0} = {227A544D-3A4D-4B34-A6C0-BB1C86E4A42C}
		{581A76A8-B95F-4C5A-BF5E-32A3166D9C07} = {227A544D-3A4D-4B34-A6C0-BB1C86E4A42C}
		{CD82F9DF-D58C-46C5-BC7D-9F26C308BB49} = {227A544D-3A4D-4B34-A6C0-BB1C86E4A42C}
		{6769D057-08D8-4A41-B3A5-B7744B43C0E7} = {227A544D-3A4D-4B34-A6C0-BB1C86E4A42C}
		{8639F52B-5ED3-40A4-A8D4-0B574A25F066} = {227A544D-3A4D-4B34-A6C0-BB1C86E4A42C}
		{CC1CCA42-BCD1-487F-9931-FB52E594C47F} = {227A544D-3A4D-4B34-A6C0-BB1C86E4A42C}
		{CA687175-6DFA-42DD-B883-8F9995C096CF} = {227A544D-3A4D-4B34-A6C0-BB1C86E4A42C}
		{BA8DFFAE-66D6-4F68-8F8F-21D07522F948} = {227A544D-3A4D-4B34-A6C0-BB1C86E4A42C}
		{1E0CEF6D-0F0F-4C35-BA9D-03EDC2CF9AE8} = {227A544D-3A4D-4B34-A6C0-BB1C86E4A42C}
		{AD82F754-0018-44B5-B99A-43EE9D5E2D3D} = {227A544D-3A4D-4B34-A6C0-BB1C86E4A42C}
		{646729E5-C3CC-47E6-8BBE-ACC1E8553218} = {227A544D-3A4D-4B34-A6C0-BB1C86E4A42C}
		{4EEF9E15-413B-4837-9EB0-CDC24CCD2998} = {227A544D-3A4D-4B34-A6C0-BB1C86E4A42C}
		{AA00D7A9-2B68-4440-92C3-9DF1F2B2F8E1} = {227A544D-3A4D-4B34-A6C0-BB1C86E4A42C}
		{BFD692CA-9D4E-409F-AADA-0B87E32296A9} = {227A544D-3A4D-4B34-A6C0-BB1C86E4A42C}
		{37036D4B-C656-4FC7-BD79-07FDDB984CE0} = {227A544D-3A4D-4B34-A6C0-BB1C86E4A42C}
		{7FBA5140-ADDD-4435-BD3A-AD3FF9512C4A} = {227A544D-3A4D-4B34-A6C0-BB1C86E4A42C}
		{D69E3C87-AD5B-4F50-B039-045242FFD083} = {227A544D-3A4D-4B34-A6C0-BB1C86E4A42C}
		{ADA9D26D-8AF5-4178-BA1B-57A2EE267796} = {227A544D-3A4D-4B34-A6C0-BB1C86E4A42C}
		{71EF517D-995F-4BE5-9F4D-F1AE1FCF9AA4} = {227A544D-3A4D-4B34-A6C0-BB1C86E4A42C}
	EndGlobalSection
	GlobalSection(SolutionConfigurationPlatforms) = preSolution
		Debug|Any CPU = Debug|Any CPU
		Debug|x64 = Debug|x64
		Debug|x86 = Debug|x86
		Release|Any CPU = Release|Any CPU
		Release|x64 = Release|x64
		Release|x86 = Release|x86
	EndGlobalSection
	GlobalSection(ProjectConfigurationPlatforms) = postSolution
		{CB11D987-21C2-401E-8EB1-A68DFD86D62C}.Debug|Any CPU.ActiveCfg = Debug|Any CPU
		{CB11D987-21C2-401E-8EB1-A68DFD86D62C}.Debug|Any CPU.Build.0 = Debug|Any CPU
		{CB11D987-21C2-401E-8EB1-A68DFD86D62C}.Debug|x64.ActiveCfg = Debug|Any CPU
		{CB11D987-21C2-401E-8EB1-A68DFD86D62C}.Debug|x64.Build.0 = Debug|Any CPU
		{CB11D987-21C2-401E-8EB1-A68DFD86D62C}.Debug|x86.ActiveCfg = Debug|Any CPU
		{CB11D987-21C2-401E-8EB1-A68DFD86D62C}.Debug|x86.Build.0 = Debug|Any CPU
		{CB11D987-21C2-401E-8EB1-A68DFD86D62C}.Release|Any CPU.ActiveCfg = Release|Any CPU
		{CB11D987-21C2-401E-8EB1-A68DFD86D62C}.Release|Any CPU.Build.0 = Release|Any CPU
		{CB11D987-21C2-401E-8EB1-A68DFD86D62C}.Release|x64.ActiveCfg = Release|Any CPU
		{CB11D987-21C2-401E-8EB1-A68DFD86D62C}.Release|x64.Build.0 = Release|Any CPU
		{CB11D987-21C2-401E-8EB1-A68DFD86D62C}.Release|x86.ActiveCfg = Release|Any CPU
		{CB11D987-21C2-401E-8EB1-A68DFD86D62C}.Release|x86.Build.0 = Release|Any CPU
		{0221F62F-B0B5-4AAA-9EE8-9E408FFF1EEE}.Debug|Any CPU.ActiveCfg = Debug|Any CPU
		{0221F62F-B0B5-4AAA-9EE8-9E408FFF1EEE}.Debug|Any CPU.Build.0 = Debug|Any CPU
		{0221F62F-B0B5-4AAA-9EE8-9E408FFF1EEE}.Debug|x64.ActiveCfg = Debug|Any CPU
		{0221F62F-B0B5-4AAA-9EE8-9E408FFF1EEE}.Debug|x64.Build.0 = Debug|Any CPU
		{0221F62F-B0B5-4AAA-9EE8-9E408FFF1EEE}.Debug|x86.ActiveCfg = Debug|Any CPU
		{0221F62F-B0B5-4AAA-9EE8-9E408FFF1EEE}.Debug|x86.Build.0 = Debug|Any CPU
		{0221F62F-B0B5-4AAA-9EE8-9E408FFF1EEE}.Release|Any CPU.ActiveCfg = Release|Any CPU
		{0221F62F-B0B5-4AAA-9EE8-9E408FFF1EEE}.Release|Any CPU.Build.0 = Release|Any CPU
		{0221F62F-B0B5-4AAA-9EE8-9E408FFF1EEE}.Release|x64.ActiveCfg = Release|Any CPU
		{0221F62F-B0B5-4AAA-9EE8-9E408FFF1EEE}.Release|x64.Build.0 = Release|Any CPU
		{0221F62F-B0B5-4AAA-9EE8-9E408FFF1EEE}.Release|x86.ActiveCfg = Release|Any CPU
		{0221F62F-B0B5-4AAA-9EE8-9E408FFF1EEE}.Release|x86.Build.0 = Release|Any CPU
		{27FC6249-6A85-4A4A-A9BE-BFDD148234A3}.Debug|Any CPU.ActiveCfg = Debug|Any CPU
		{27FC6249-6A85-4A4A-A9BE-BFDD148234A3}.Debug|Any CPU.Build.0 = Debug|Any CPU
		{27FC6249-6A85-4A4A-A9BE-BFDD148234A3}.Debug|x64.ActiveCfg = Debug|Any CPU
		{27FC6249-6A85-4A4A-A9BE-BFDD148234A3}.Debug|x64.Build.0 = Debug|Any CPU
		{27FC6249-6A85-4A4A-A9BE-BFDD148234A3}.Debug|x86.ActiveCfg = Debug|Any CPU
		{27FC6249-6A85-4A4A-A9BE-BFDD148234A3}.Debug|x86.Build.0 = Debug|Any CPU
		{27FC6249-6A85-4A4A-A9BE-BFDD148234A3}.Release|Any CPU.ActiveCfg = Release|Any CPU
		{27FC6249-6A85-4A4A-A9BE-BFDD148234A3}.Release|Any CPU.Build.0 = Release|Any CPU
		{27FC6249-6A85-4A4A-A9BE-BFDD148234A3}.Release|x64.ActiveCfg = Release|Any CPU
		{27FC6249-6A85-4A4A-A9BE-BFDD148234A3}.Release|x64.Build.0 = Release|Any CPU
		{27FC6249-6A85-4A4A-A9BE-BFDD148234A3}.Release|x86.ActiveCfg = Release|Any CPU
		{27FC6249-6A85-4A4A-A9BE-BFDD148234A3}.Release|x86.Build.0 = Release|Any CPU
		{2957C954-7306-4B56-BD62-F3B136C4197C}.Debug|Any CPU.ActiveCfg = Debug|Any CPU
		{2957C954-7306-4B56-BD62-F3B136C4197C}.Debug|Any CPU.Build.0 = Debug|Any CPU
		{2957C954-7306-4B56-BD62-F3B136C4197C}.Debug|x64.ActiveCfg = Debug|Any CPU
		{2957C954-7306-4B56-BD62-F3B136C4197C}.Debug|x64.Build.0 = Debug|Any CPU
		{2957C954-7306-4B56-BD62-F3B136C4197C}.Debug|x86.ActiveCfg = Debug|Any CPU
		{2957C954-7306-4B56-BD62-F3B136C4197C}.Debug|x86.Build.0 = Debug|Any CPU
		{2957C954-7306-4B56-BD62-F3B136C4197C}.Release|Any CPU.ActiveCfg = Release|Any CPU
		{2957C954-7306-4B56-BD62-F3B136C4197C}.Release|Any CPU.Build.0 = Release|Any CPU
		{2957C954-7306-4B56-BD62-F3B136C4197C}.Release|x64.ActiveCfg = Release|Any CPU
		{2957C954-7306-4B56-BD62-F3B136C4197C}.Release|x64.Build.0 = Release|Any CPU
		{2957C954-7306-4B56-BD62-F3B136C4197C}.Release|x86.ActiveCfg = Release|Any CPU
		{2957C954-7306-4B56-BD62-F3B136C4197C}.Release|x86.Build.0 = Release|Any CPU
		{218C042F-B90D-40C5-AC9A-3672E5AB37A0}.Debug|Any CPU.ActiveCfg = Debug|Any CPU
		{218C042F-B90D-40C5-AC9A-3672E5AB37A0}.Debug|Any CPU.Build.0 = Debug|Any CPU
		{218C042F-B90D-40C5-AC9A-3672E5AB37A0}.Debug|x64.ActiveCfg = Debug|Any CPU
		{218C042F-B90D-40C5-AC9A-3672E5AB37A0}.Debug|x64.Build.0 = Debug|Any CPU
		{218C042F-B90D-40C5-AC9A-3672E5AB37A0}.Debug|x86.ActiveCfg = Debug|Any CPU
		{218C042F-B90D-40C5-AC9A-3672E5AB37A0}.Debug|x86.Build.0 = Debug|Any CPU
		{218C042F-B90D-40C5-AC9A-3672E5AB37A0}.Release|Any CPU.ActiveCfg = Release|Any CPU
		{218C042F-B90D-40C5-AC9A-3672E5AB37A0}.Release|Any CPU.Build.0 = Release|Any CPU
		{218C042F-B90D-40C5-AC9A-3672E5AB37A0}.Release|x64.ActiveCfg = Release|Any CPU
		{218C042F-B90D-40C5-AC9A-3672E5AB37A0}.Release|x64.Build.0 = Release|Any CPU
		{218C042F-B90D-40C5-AC9A-3672E5AB37A0}.Release|x86.ActiveCfg = Release|Any CPU
		{218C042F-B90D-40C5-AC9A-3672E5AB37A0}.Release|x86.Build.0 = Release|Any CPU
		{EA2908A0-39B1-4558-9776-87041E745014}.Debug|Any CPU.ActiveCfg = Debug|Any CPU
		{EA2908A0-39B1-4558-9776-87041E745014}.Debug|Any CPU.Build.0 = Debug|Any CPU
		{EA2908A0-39B1-4558-9776-87041E745014}.Debug|x64.ActiveCfg = Debug|Any CPU
		{EA2908A0-39B1-4558-9776-87041E745014}.Debug|x64.Build.0 = Debug|Any CPU
		{EA2908A0-39B1-4558-9776-87041E745014}.Debug|x86.ActiveCfg = Debug|Any CPU
		{EA2908A0-39B1-4558-9776-87041E745014}.Debug|x86.Build.0 = Debug|Any CPU
		{EA2908A0-39B1-4558-9776-87041E745014}.Release|Any CPU.ActiveCfg = Release|Any CPU
		{EA2908A0-39B1-4558-9776-87041E745014}.Release|Any CPU.Build.0 = Release|Any CPU
		{EA2908A0-39B1-4558-9776-87041E745014}.Release|x64.ActiveCfg = Release|Any CPU
		{EA2908A0-39B1-4558-9776-87041E745014}.Release|x64.Build.0 = Release|Any CPU
		{EA2908A0-39B1-4558-9776-87041E745014}.Release|x86.ActiveCfg = Release|Any CPU
		{EA2908A0-39B1-4558-9776-87041E745014}.Release|x86.Build.0 = Release|Any CPU
		{D30E0AF9-E0DB-4153-A1C3-2363643BEB59}.Debug|Any CPU.ActiveCfg = Debug|Any CPU
		{D30E0AF9-E0DB-4153-A1C3-2363643BEB59}.Debug|Any CPU.Build.0 = Debug|Any CPU
		{D30E0AF9-E0DB-4153-A1C3-2363643BEB59}.Debug|x64.ActiveCfg = Debug|Any CPU
		{D30E0AF9-E0DB-4153-A1C3-2363643BEB59}.Debug|x64.Build.0 = Debug|Any CPU
		{D30E0AF9-E0DB-4153-A1C3-2363643BEB59}.Debug|x86.ActiveCfg = Debug|Any CPU
		{D30E0AF9-E0DB-4153-A1C3-2363643BEB59}.Debug|x86.Build.0 = Debug|Any CPU
		{D30E0AF9-E0DB-4153-A1C3-2363643BEB59}.Release|Any CPU.ActiveCfg = Release|Any CPU
		{D30E0AF9-E0DB-4153-A1C3-2363643BEB59}.Release|Any CPU.Build.0 = Release|Any CPU
		{D30E0AF9-E0DB-4153-A1C3-2363643BEB59}.Release|x64.ActiveCfg = Release|Any CPU
		{D30E0AF9-E0DB-4153-A1C3-2363643BEB59}.Release|x64.Build.0 = Release|Any CPU
		{D30E0AF9-E0DB-4153-A1C3-2363643BEB59}.Release|x86.ActiveCfg = Release|Any CPU
		{D30E0AF9-E0DB-4153-A1C3-2363643BEB59}.Release|x86.Build.0 = Release|Any CPU
		{FDF7D431-2AF6-43C0-9099-5A41426975C0}.Debug|Any CPU.ActiveCfg = Debug|Any CPU
		{FDF7D431-2AF6-43C0-9099-5A41426975C0}.Debug|Any CPU.Build.0 = Debug|Any CPU
		{FDF7D431-2AF6-43C0-9099-5A41426975C0}.Debug|x64.ActiveCfg = Debug|Any CPU
		{FDF7D431-2AF6-43C0-9099-5A41426975C0}.Debug|x64.Build.0 = Debug|Any CPU
		{FDF7D431-2AF6-43C0-9099-5A41426975C0}.Debug|x86.ActiveCfg = Debug|Any CPU
		{FDF7D431-2AF6-43C0-9099-5A41426975C0}.Debug|x86.Build.0 = Debug|Any CPU
		{FDF7D431-2AF6-43C0-9099-5A41426975C0}.Release|Any CPU.ActiveCfg = Release|Any CPU
		{FDF7D431-2AF6-43C0-9099-5A41426975C0}.Release|Any CPU.Build.0 = Release|Any CPU
		{FDF7D431-2AF6-43C0-9099-5A41426975C0}.Release|x64.ActiveCfg = Release|Any CPU
		{FDF7D431-2AF6-43C0-9099-5A41426975C0}.Release|x64.Build.0 = Release|Any CPU
		{FDF7D431-2AF6-43C0-9099-5A41426975C0}.Release|x86.ActiveCfg = Release|Any CPU
		{FDF7D431-2AF6-43C0-9099-5A41426975C0}.Release|x86.Build.0 = Release|Any CPU
		{581A76A8-B95F-4C5A-BF5E-32A3166D9C07}.Debug|Any CPU.ActiveCfg = Debug|Any CPU
		{581A76A8-B95F-4C5A-BF5E-32A3166D9C07}.Debug|Any CPU.Build.0 = Debug|Any CPU
		{581A76A8-B95F-4C5A-BF5E-32A3166D9C07}.Debug|x64.ActiveCfg = Debug|Any CPU
		{581A76A8-B95F-4C5A-BF5E-32A3166D9C07}.Debug|x64.Build.0 = Debug|Any CPU
		{581A76A8-B95F-4C5A-BF5E-32A3166D9C07}.Debug|x86.ActiveCfg = Debug|Any CPU
		{581A76A8-B95F-4C5A-BF5E-32A3166D9C07}.Debug|x86.Build.0 = Debug|Any CPU
		{581A76A8-B95F-4C5A-BF5E-32A3166D9C07}.Release|Any CPU.ActiveCfg = Release|Any CPU
		{581A76A8-B95F-4C5A-BF5E-32A3166D9C07}.Release|Any CPU.Build.0 = Release|Any CPU
		{581A76A8-B95F-4C5A-BF5E-32A3166D9C07}.Release|x64.ActiveCfg = Release|Any CPU
		{581A76A8-B95F-4C5A-BF5E-32A3166D9C07}.Release|x64.Build.0 = Release|Any CPU
		{581A76A8-B95F-4C5A-BF5E-32A3166D9C07}.Release|x86.ActiveCfg = Release|Any CPU
		{581A76A8-B95F-4C5A-BF5E-32A3166D9C07}.Release|x86.Build.0 = Release|Any CPU
		{CD82F9DF-D58C-46C5-BC7D-9F26C308BB49}.Debug|Any CPU.ActiveCfg = Debug|Any CPU
		{CD82F9DF-D58C-46C5-BC7D-9F26C308BB49}.Debug|Any CPU.Build.0 = Debug|Any CPU
		{CD82F9DF-D58C-46C5-BC7D-9F26C308BB49}.Debug|x64.ActiveCfg = Debug|Any CPU
		{CD82F9DF-D58C-46C5-BC7D-9F26C308BB49}.Debug|x64.Build.0 = Debug|Any CPU
		{CD82F9DF-D58C-46C5-BC7D-9F26C308BB49}.Debug|x86.ActiveCfg = Debug|Any CPU
		{CD82F9DF-D58C-46C5-BC7D-9F26C308BB49}.Debug|x86.Build.0 = Debug|Any CPU
		{CD82F9DF-D58C-46C5-BC7D-9F26C308BB49}.Release|Any CPU.ActiveCfg = Release|Any CPU
		{CD82F9DF-D58C-46C5-BC7D-9F26C308BB49}.Release|Any CPU.Build.0 = Release|Any CPU
		{CD82F9DF-D58C-46C5-BC7D-9F26C308BB49}.Release|x64.ActiveCfg = Release|Any CPU
		{CD82F9DF-D58C-46C5-BC7D-9F26C308BB49}.Release|x64.Build.0 = Release|Any CPU
		{CD82F9DF-D58C-46C5-BC7D-9F26C308BB49}.Release|x86.ActiveCfg = Release|Any CPU
		{CD82F9DF-D58C-46C5-BC7D-9F26C308BB49}.Release|x86.Build.0 = Release|Any CPU
		{6769D057-08D8-4A41-B3A5-B7744B43C0E7}.Debug|Any CPU.ActiveCfg = Debug|Any CPU
		{6769D057-08D8-4A41-B3A5-B7744B43C0E7}.Debug|Any CPU.Build.0 = Debug|Any CPU
		{6769D057-08D8-4A41-B3A5-B7744B43C0E7}.Debug|x64.ActiveCfg = Debug|Any CPU
		{6769D057-08D8-4A41-B3A5-B7744B43C0E7}.Debug|x64.Build.0 = Debug|Any CPU
		{6769D057-08D8-4A41-B3A5-B7744B43C0E7}.Debug|x86.ActiveCfg = Debug|Any CPU
		{6769D057-08D8-4A41-B3A5-B7744B43C0E7}.Debug|x86.Build.0 = Debug|Any CPU
		{6769D057-08D8-4A41-B3A5-B7744B43C0E7}.Release|Any CPU.ActiveCfg = Release|Any CPU
		{6769D057-08D8-4A41-B3A5-B7744B43C0E7}.Release|Any CPU.Build.0 = Release|Any CPU
		{6769D057-08D8-4A41-B3A5-B7744B43C0E7}.Release|x64.ActiveCfg = Release|Any CPU
		{6769D057-08D8-4A41-B3A5-B7744B43C0E7}.Release|x64.Build.0 = Release|Any CPU
		{6769D057-08D8-4A41-B3A5-B7744B43C0E7}.Release|x86.ActiveCfg = Release|Any CPU
		{6769D057-08D8-4A41-B3A5-B7744B43C0E7}.Release|x86.Build.0 = Release|Any CPU
		{8639F52B-5ED3-40A4-A8D4-0B574A25F066}.Debug|Any CPU.ActiveCfg = Debug|Any CPU
		{8639F52B-5ED3-40A4-A8D4-0B574A25F066}.Debug|Any CPU.Build.0 = Debug|Any CPU
		{8639F52B-5ED3-40A4-A8D4-0B574A25F066}.Debug|x64.ActiveCfg = Debug|Any CPU
		{8639F52B-5ED3-40A4-A8D4-0B574A25F066}.Debug|x64.Build.0 = Debug|Any CPU
		{8639F52B-5ED3-40A4-A8D4-0B574A25F066}.Debug|x86.ActiveCfg = Debug|Any CPU
		{8639F52B-5ED3-40A4-A8D4-0B574A25F066}.Debug|x86.Build.0 = Debug|Any CPU
		{8639F52B-5ED3-40A4-A8D4-0B574A25F066}.Release|Any CPU.ActiveCfg = Release|Any CPU
		{8639F52B-5ED3-40A4-A8D4-0B574A25F066}.Release|Any CPU.Build.0 = Release|Any CPU
		{8639F52B-5ED3-40A4-A8D4-0B574A25F066}.Release|x64.ActiveCfg = Release|Any CPU
		{8639F52B-5ED3-40A4-A8D4-0B574A25F066}.Release|x64.Build.0 = Release|Any CPU
		{8639F52B-5ED3-40A4-A8D4-0B574A25F066}.Release|x86.ActiveCfg = Release|Any CPU
		{8639F52B-5ED3-40A4-A8D4-0B574A25F066}.Release|x86.Build.0 = Release|Any CPU
		{CC1CCA42-BCD1-487F-9931-FB52E594C47F}.Debug|Any CPU.ActiveCfg = Debug|Any CPU
		{CC1CCA42-BCD1-487F-9931-FB52E594C47F}.Debug|Any CPU.Build.0 = Debug|Any CPU
		{CC1CCA42-BCD1-487F-9931-FB52E594C47F}.Debug|x64.ActiveCfg = Debug|Any CPU
		{CC1CCA42-BCD1-487F-9931-FB52E594C47F}.Debug|x64.Build.0 = Debug|Any CPU
		{CC1CCA42-BCD1-487F-9931-FB52E594C47F}.Debug|x86.ActiveCfg = Debug|Any CPU
		{CC1CCA42-BCD1-487F-9931-FB52E594C47F}.Debug|x86.Build.0 = Debug|Any CPU
		{CC1CCA42-BCD1-487F-9931-FB52E594C47F}.Release|Any CPU.ActiveCfg = Release|Any CPU
		{CC1CCA42-BCD1-487F-9931-FB52E594C47F}.Release|Any CPU.Build.0 = Release|Any CPU
		{CC1CCA42-BCD1-487F-9931-FB52E594C47F}.Release|x64.ActiveCfg = Release|Any CPU
		{CC1CCA42-BCD1-487F-9931-FB52E594C47F}.Release|x64.Build.0 = Release|Any CPU
		{CC1CCA42-BCD1-487F-9931-FB52E594C47F}.Release|x86.ActiveCfg = Release|Any CPU
		{CC1CCA42-BCD1-487F-9931-FB52E594C47F}.Release|x86.Build.0 = Release|Any CPU
		{CA687175-6DFA-42DD-B883-8F9995C096CF}.Debug|Any CPU.ActiveCfg = Debug|Any CPU
		{CA687175-6DFA-42DD-B883-8F9995C096CF}.Debug|Any CPU.Build.0 = Debug|Any CPU
		{CA687175-6DFA-42DD-B883-8F9995C096CF}.Debug|x64.ActiveCfg = Debug|Any CPU
		{CA687175-6DFA-42DD-B883-8F9995C096CF}.Debug|x64.Build.0 = Debug|Any CPU
		{CA687175-6DFA-42DD-B883-8F9995C096CF}.Debug|x86.ActiveCfg = Debug|Any CPU
		{CA687175-6DFA-42DD-B883-8F9995C096CF}.Debug|x86.Build.0 = Debug|Any CPU
		{CA687175-6DFA-42DD-B883-8F9995C096CF}.Release|Any CPU.ActiveCfg = Release|Any CPU
		{CA687175-6DFA-42DD-B883-8F9995C096CF}.Release|Any CPU.Build.0 = Release|Any CPU
		{CA687175-6DFA-42DD-B883-8F9995C096CF}.Release|x64.ActiveCfg = Release|Any CPU
		{CA687175-6DFA-42DD-B883-8F9995C096CF}.Release|x64.Build.0 = Release|Any CPU
		{CA687175-6DFA-42DD-B883-8F9995C096CF}.Release|x86.ActiveCfg = Release|Any CPU
		{CA687175-6DFA-42DD-B883-8F9995C096CF}.Release|x86.Build.0 = Release|Any CPU
		{BA8DFFAE-66D6-4F68-8F8F-21D07522F948}.Debug|Any CPU.ActiveCfg = Debug|Any CPU
		{BA8DFFAE-66D6-4F68-8F8F-21D07522F948}.Debug|Any CPU.Build.0 = Debug|Any CPU
		{BA8DFFAE-66D6-4F68-8F8F-21D07522F948}.Debug|x64.ActiveCfg = Debug|Any CPU
		{BA8DFFAE-66D6-4F68-8F8F-21D07522F948}.Debug|x64.Build.0 = Debug|Any CPU
		{BA8DFFAE-66D6-4F68-8F8F-21D07522F948}.Debug|x86.ActiveCfg = Debug|Any CPU
		{BA8DFFAE-66D6-4F68-8F8F-21D07522F948}.Debug|x86.Build.0 = Debug|Any CPU
		{BA8DFFAE-66D6-4F68-8F8F-21D07522F948}.Release|Any CPU.ActiveCfg = Release|Any CPU
		{BA8DFFAE-66D6-4F68-8F8F-21D07522F948}.Release|Any CPU.Build.0 = Release|Any CPU
		{BA8DFFAE-66D6-4F68-8F8F-21D07522F948}.Release|x64.ActiveCfg = Release|Any CPU
		{BA8DFFAE-66D6-4F68-8F8F-21D07522F948}.Release|x64.Build.0 = Release|Any CPU
		{BA8DFFAE-66D6-4F68-8F8F-21D07522F948}.Release|x86.ActiveCfg = Release|Any CPU
		{BA8DFFAE-66D6-4F68-8F8F-21D07522F948}.Release|x86.Build.0 = Release|Any CPU
		{1E0CEF6D-0F0F-4C35-BA9D-03EDC2CF9AE8}.Debug|Any CPU.ActiveCfg = Debug|Any CPU
		{1E0CEF6D-0F0F-4C35-BA9D-03EDC2CF9AE8}.Debug|Any CPU.Build.0 = Debug|Any CPU
		{1E0CEF6D-0F0F-4C35-BA9D-03EDC2CF9AE8}.Debug|x64.ActiveCfg = Debug|Any CPU
		{1E0CEF6D-0F0F-4C35-BA9D-03EDC2CF9AE8}.Debug|x64.Build.0 = Debug|Any CPU
		{1E0CEF6D-0F0F-4C35-BA9D-03EDC2CF9AE8}.Debug|x86.ActiveCfg = Debug|Any CPU
		{1E0CEF6D-0F0F-4C35-BA9D-03EDC2CF9AE8}.Debug|x86.Build.0 = Debug|Any CPU
		{1E0CEF6D-0F0F-4C35-BA9D-03EDC2CF9AE8}.Release|Any CPU.ActiveCfg = Release|Any CPU
		{1E0CEF6D-0F0F-4C35-BA9D-03EDC2CF9AE8}.Release|Any CPU.Build.0 = Release|Any CPU
		{1E0CEF6D-0F0F-4C35-BA9D-03EDC2CF9AE8}.Release|x64.ActiveCfg = Release|Any CPU
		{1E0CEF6D-0F0F-4C35-BA9D-03EDC2CF9AE8}.Release|x64.Build.0 = Release|Any CPU
		{1E0CEF6D-0F0F-4C35-BA9D-03EDC2CF9AE8}.Release|x86.ActiveCfg = Release|Any CPU
		{1E0CEF6D-0F0F-4C35-BA9D-03EDC2CF9AE8}.Release|x86.Build.0 = Release|Any CPU
		{AD82F754-0018-44B5-B99A-43EE9D5E2D3D}.Debug|Any CPU.ActiveCfg = Debug|Any CPU
		{AD82F754-0018-44B5-B99A-43EE9D5E2D3D}.Debug|Any CPU.Build.0 = Debug|Any CPU
		{AD82F754-0018-44B5-B99A-43EE9D5E2D3D}.Debug|x64.ActiveCfg = Debug|Any CPU
		{AD82F754-0018-44B5-B99A-43EE9D5E2D3D}.Debug|x64.Build.0 = Debug|Any CPU
		{AD82F754-0018-44B5-B99A-43EE9D5E2D3D}.Debug|x86.ActiveCfg = Debug|Any CPU
		{AD82F754-0018-44B5-B99A-43EE9D5E2D3D}.Debug|x86.Build.0 = Debug|Any CPU
		{AD82F754-0018-44B5-B99A-43EE9D5E2D3D}.Release|Any CPU.ActiveCfg = Release|Any CPU
		{AD82F754-0018-44B5-B99A-43EE9D5E2D3D}.Release|Any CPU.Build.0 = Release|Any CPU
		{AD82F754-0018-44B5-B99A-43EE9D5E2D3D}.Release|x64.ActiveCfg = Release|Any CPU
		{AD82F754-0018-44B5-B99A-43EE9D5E2D3D}.Release|x64.Build.0 = Release|Any CPU
		{AD82F754-0018-44B5-B99A-43EE9D5E2D3D}.Release|x86.ActiveCfg = Release|Any CPU
		{AD82F754-0018-44B5-B99A-43EE9D5E2D3D}.Release|x86.Build.0 = Release|Any CPU
		{646729E5-C3CC-47E6-8BBE-ACC1E8553218}.Debug|Any CPU.ActiveCfg = Debug|Any CPU
		{646729E5-C3CC-47E6-8BBE-ACC1E8553218}.Debug|Any CPU.Build.0 = Debug|Any CPU
		{646729E5-C3CC-47E6-8BBE-ACC1E8553218}.Debug|x64.ActiveCfg = Debug|Any CPU
		{646729E5-C3CC-47E6-8BBE-ACC1E8553218}.Debug|x64.Build.0 = Debug|Any CPU
		{646729E5-C3CC-47E6-8BBE-ACC1E8553218}.Debug|x86.ActiveCfg = Debug|Any CPU
		{646729E5-C3CC-47E6-8BBE-ACC1E8553218}.Debug|x86.Build.0 = Debug|Any CPU
		{646729E5-C3CC-47E6-8BBE-ACC1E8553218}.Release|Any CPU.ActiveCfg = Release|Any CPU
		{646729E5-C3CC-47E6-8BBE-ACC1E8553218}.Release|Any CPU.Build.0 = Release|Any CPU
		{646729E5-C3CC-47E6-8BBE-ACC1E8553218}.Release|x64.ActiveCfg = Release|Any CPU
		{646729E5-C3CC-47E6-8BBE-ACC1E8553218}.Release|x64.Build.0 = Release|Any CPU
		{646729E5-C3CC-47E6-8BBE-ACC1E8553218}.Release|x86.ActiveCfg = Release|Any CPU
		{646729E5-C3CC-47E6-8BBE-ACC1E8553218}.Release|x86.Build.0 = Release|Any CPU
		{4EEF9E15-413B-4837-9EB0-CDC24CCD2998}.Debug|Any CPU.ActiveCfg = Debug|Any CPU
		{4EEF9E15-413B-4837-9EB0-CDC24CCD2998}.Debug|Any CPU.Build.0 = Debug|Any CPU
		{4EEF9E15-413B-4837-9EB0-CDC24CCD2998}.Debug|x64.ActiveCfg = Debug|Any CPU
		{4EEF9E15-413B-4837-9EB0-CDC24CCD2998}.Debug|x64.Build.0 = Debug|Any CPU
		{4EEF9E15-413B-4837-9EB0-CDC24CCD2998}.Debug|x86.ActiveCfg = Debug|Any CPU
		{4EEF9E15-413B-4837-9EB0-CDC24CCD2998}.Debug|x86.Build.0 = Debug|Any CPU
		{4EEF9E15-413B-4837-9EB0-CDC24CCD2998}.Release|Any CPU.ActiveCfg = Release|Any CPU
		{4EEF9E15-413B-4837-9EB0-CDC24CCD2998}.Release|Any CPU.Build.0 = Release|Any CPU
		{4EEF9E15-413B-4837-9EB0-CDC24CCD2998}.Release|x64.ActiveCfg = Release|Any CPU
		{4EEF9E15-413B-4837-9EB0-CDC24CCD2998}.Release|x64.Build.0 = Release|Any CPU
		{4EEF9E15-413B-4837-9EB0-CDC24CCD2998}.Release|x86.ActiveCfg = Release|Any CPU
		{4EEF9E15-413B-4837-9EB0-CDC24CCD2998}.Release|x86.Build.0 = Release|Any CPU
		{AA00D7A9-2B68-4440-92C3-9DF1F2B2F8E1}.Debug|Any CPU.ActiveCfg = Debug|Any CPU
		{AA00D7A9-2B68-4440-92C3-9DF1F2B2F8E1}.Debug|Any CPU.Build.0 = Debug|Any CPU
		{AA00D7A9-2B68-4440-92C3-9DF1F2B2F8E1}.Debug|x64.ActiveCfg = Debug|Any CPU
		{AA00D7A9-2B68-4440-92C3-9DF1F2B2F8E1}.Debug|x64.Build.0 = Debug|Any CPU
		{AA00D7A9-2B68-4440-92C3-9DF1F2B2F8E1}.Debug|x86.ActiveCfg = Debug|Any CPU
		{AA00D7A9-2B68-4440-92C3-9DF1F2B2F8E1}.Debug|x86.Build.0 = Debug|Any CPU
		{AA00D7A9-2B68-4440-92C3-9DF1F2B2F8E1}.Release|Any CPU.ActiveCfg = Release|Any CPU
		{AA00D7A9-2B68-4440-92C3-9DF1F2B2F8E1}.Release|Any CPU.Build.0 = Release|Any CPU
		{AA00D7A9-2B68-4440-92C3-9DF1F2B2F8E1}.Release|x64.ActiveCfg = Release|Any CPU
		{AA00D7A9-2B68-4440-92C3-9DF1F2B2F8E1}.Release|x64.Build.0 = Release|Any CPU
		{AA00D7A9-2B68-4440-92C3-9DF1F2B2F8E1}.Release|x86.ActiveCfg = Release|Any CPU
		{AA00D7A9-2B68-4440-92C3-9DF1F2B2F8E1}.Release|x86.Build.0 = Release|Any CPU
		{BFD692CA-9D4E-409F-AADA-0B87E32296A9}.Debug|Any CPU.ActiveCfg = Debug|Any CPU
		{BFD692CA-9D4E-409F-AADA-0B87E32296A9}.Debug|Any CPU.Build.0 = Debug|Any CPU
		{BFD692CA-9D4E-409F-AADA-0B87E32296A9}.Debug|x64.ActiveCfg = Debug|Any CPU
		{BFD692CA-9D4E-409F-AADA-0B87E32296A9}.Debug|x64.Build.0 = Debug|Any CPU
		{BFD692CA-9D4E-409F-AADA-0B87E32296A9}.Debug|x86.ActiveCfg = Debug|Any CPU
		{BFD692CA-9D4E-409F-AADA-0B87E32296A9}.Debug|x86.Build.0 = Debug|Any CPU
		{BFD692CA-9D4E-409F-AADA-0B87E32296A9}.Release|Any CPU.ActiveCfg = Release|Any CPU
		{BFD692CA-9D4E-409F-AADA-0B87E32296A9}.Release|Any CPU.Build.0 = Release|Any CPU
		{BFD692CA-9D4E-409F-AADA-0B87E32296A9}.Release|x64.ActiveCfg = Release|Any CPU
		{BFD692CA-9D4E-409F-AADA-0B87E32296A9}.Release|x64.Build.0 = Release|Any CPU
		{BFD692CA-9D4E-409F-AADA-0B87E32296A9}.Release|x86.ActiveCfg = Release|Any CPU
		{BFD692CA-9D4E-409F-AADA-0B87E32296A9}.Release|x86.Build.0 = Release|Any CPU
		{37036D4B-C656-4FC7-BD79-07FDDB984CE0}.Debug|Any CPU.ActiveCfg = Debug|Any CPU
		{37036D4B-C656-4FC7-BD79-07FDDB984CE0}.Debug|Any CPU.Build.0 = Debug|Any CPU
		{37036D4B-C656-4FC7-BD79-07FDDB984CE0}.Debug|x64.ActiveCfg = Debug|Any CPU
		{37036D4B-C656-4FC7-BD79-07FDDB984CE0}.Debug|x64.Build.0 = Debug|Any CPU
		{37036D4B-C656-4FC7-BD79-07FDDB984CE0}.Debug|x86.ActiveCfg = Debug|Any CPU
		{37036D4B-C656-4FC7-BD79-07FDDB984CE0}.Debug|x86.Build.0 = Debug|Any CPU
		{37036D4B-C656-4FC7-BD79-07FDDB984CE0}.Release|Any CPU.ActiveCfg = Release|Any CPU
		{37036D4B-C656-4FC7-BD79-07FDDB984CE0}.Release|Any CPU.Build.0 = Release|Any CPU
		{37036D4B-C656-4FC7-BD79-07FDDB984CE0}.Release|x64.ActiveCfg = Release|Any CPU
		{37036D4B-C656-4FC7-BD79-07FDDB984CE0}.Release|x64.Build.0 = Release|Any CPU
		{37036D4B-C656-4FC7-BD79-07FDDB984CE0}.Release|x86.ActiveCfg = Release|Any CPU
		{37036D4B-C656-4FC7-BD79-07FDDB984CE0}.Release|x86.Build.0 = Release|Any CPU
		{7FBA5140-ADDD-4435-BD3A-AD3FF9512C4A}.Debug|Any CPU.ActiveCfg = Debug|Any CPU
		{7FBA5140-ADDD-4435-BD3A-AD3FF9512C4A}.Debug|Any CPU.Build.0 = Debug|Any CPU
		{7FBA5140-ADDD-4435-BD3A-AD3FF9512C4A}.Debug|x64.ActiveCfg = Debug|Any CPU
		{7FBA5140-ADDD-4435-BD3A-AD3FF9512C4A}.Debug|x64.Build.0 = Debug|Any CPU
		{7FBA5140-ADDD-4435-BD3A-AD3FF9512C4A}.Debug|x86.ActiveCfg = Debug|Any CPU
		{7FBA5140-ADDD-4435-BD3A-AD3FF9512C4A}.Debug|x86.Build.0 = Debug|Any CPU
		{7FBA5140-ADDD-4435-BD3A-AD3FF9512C4A}.Release|Any CPU.ActiveCfg = Release|Any CPU
		{7FBA5140-ADDD-4435-BD3A-AD3FF9512C4A}.Release|Any CPU.Build.0 = Release|Any CPU
		{7FBA5140-ADDD-4435-BD3A-AD3FF9512C4A}.Release|x64.ActiveCfg = Release|Any CPU
		{7FBA5140-ADDD-4435-BD3A-AD3FF9512C4A}.Release|x64.Build.0 = Release|Any CPU
		{7FBA5140-ADDD-4435-BD3A-AD3FF9512C4A}.Release|x86.ActiveCfg = Release|Any CPU
		{7FBA5140-ADDD-4435-BD3A-AD3FF9512C4A}.Release|x86.Build.0 = Release|Any CPU
		{D69E3C87-AD5B-4F50-B039-045242FFD083}.Debug|Any CPU.ActiveCfg = Debug|Any CPU
		{D69E3C87-AD5B-4F50-B039-045242FFD083}.Debug|Any CPU.Build.0 = Debug|Any CPU
		{D69E3C87-AD5B-4F50-B039-045242FFD083}.Debug|x64.ActiveCfg = Debug|Any CPU
		{D69E3C87-AD5B-4F50-B039-045242FFD083}.Debug|x64.Build.0 = Debug|Any CPU
		{D69E3C87-AD5B-4F50-B039-045242FFD083}.Debug|x86.ActiveCfg = Debug|Any CPU
		{D69E3C87-AD5B-4F50-B039-045242FFD083}.Debug|x86.Build.0 = Debug|Any CPU
		{D69E3C87-AD5B-4F50-B039-045242FFD083}.Release|Any CPU.ActiveCfg = Release|Any CPU
		{D69E3C87-AD5B-4F50-B039-045242FFD083}.Release|Any CPU.Build.0 = Release|Any CPU
		{D69E3C87-AD5B-4F50-B039-045242FFD083}.Release|x64.ActiveCfg = Release|Any CPU
		{D69E3C87-AD5B-4F50-B039-045242FFD083}.Release|x64.Build.0 = Release|Any CPU
		{D69E3C87-AD5B-4F50-B039-045242FFD083}.Release|x86.ActiveCfg = Release|Any CPU
		{D69E3C87-AD5B-4F50-B039-045242FFD083}.Release|x86.Build.0 = Release|Any CPU
		{ADA9D26D-8AF5-4178-BA1B-57A2EE267796}.Debug|Any CPU.ActiveCfg = Debug|Any CPU
		{ADA9D26D-8AF5-4178-BA1B-57A2EE267796}.Debug|Any CPU.Build.0 = Debug|Any CPU
		{ADA9D26D-8AF5-4178-BA1B-57A2EE267796}.Debug|x64.ActiveCfg = Debug|Any CPU
		{ADA9D26D-8AF5-4178-BA1B-57A2EE267796}.Debug|x64.Build.0 = Debug|Any CPU
		{ADA9D26D-8AF5-4178-BA1B-57A2EE267796}.Debug|x86.ActiveCfg = Debug|Any CPU
		{ADA9D26D-8AF5-4178-BA1B-57A2EE267796}.Debug|x86.Build.0 = Debug|Any CPU
		{ADA9D26D-8AF5-4178-BA1B-57A2EE267796}.Release|Any CPU.ActiveCfg = Release|Any CPU
		{ADA9D26D-8AF5-4178-BA1B-57A2EE267796}.Release|Any CPU.Build.0 = Release|Any CPU
		{ADA9D26D-8AF5-4178-BA1B-57A2EE267796}.Release|x64.ActiveCfg = Release|Any CPU
		{ADA9D26D-8AF5-4178-BA1B-57A2EE267796}.Release|x64.Build.0 = Release|Any CPU
		{ADA9D26D-8AF5-4178-BA1B-57A2EE267796}.Release|x86.ActiveCfg = Release|Any CPU
		{ADA9D26D-8AF5-4178-BA1B-57A2EE267796}.Release|x86.Build.0 = Release|Any CPU
		{71EF517D-995F-4BE5-9F4D-F1AE1FCF9AA4}.Debug|Any CPU.ActiveCfg = Debug|Any CPU
		{71EF517D-995F-4BE5-9F4D-F1AE1FCF9AA4}.Debug|Any CPU.Build.0 = Debug|Any CPU
		{71EF517D-995F-4BE5-9F4D-F1AE1FCF9AA4}.Debug|x64.ActiveCfg = Debug|Any CPU
		{71EF517D-995F-4BE5-9F4D-F1AE1FCF9AA4}.Debug|x64.Build.0 = Debug|Any CPU
		{71EF517D-995F-4BE5-9F4D-F1AE1FCF9AA4}.Debug|x86.ActiveCfg = Debug|Any CPU
		{71EF517D-995F-4BE5-9F4D-F1AE1FCF9AA4}.Debug|x86.Build.0 = Debug|Any CPU
		{71EF517D-995F-4BE5-9F4D-F1AE1FCF9AA4}.Release|Any CPU.ActiveCfg = Release|Any CPU
		{71EF517D-995F-4BE5-9F4D-F1AE1FCF9AA4}.Release|Any CPU.Build.0 = Release|Any CPU
		{71EF517D-995F-4BE5-9F4D-F1AE1FCF9AA4}.Release|x64.ActiveCfg = Release|Any CPU
		{71EF517D-995F-4BE5-9F4D-F1AE1FCF9AA4}.Release|x64.Build.0 = Release|Any CPU
		{71EF517D-995F-4BE5-9F4D-F1AE1FCF9AA4}.Release|x86.ActiveCfg = Release|Any CPU
		{71EF517D-995F-4BE5-9F4D-F1AE1FCF9AA4}.Release|x86.Build.0 = Release|Any CPU
	EndGlobalSection
	GlobalSection(SolutionProperties) = preSolution
		HideSolutionNode = FALSE
	EndGlobalSection
	GlobalSection(ExtensibilityGlobals) = postSolution
		SolutionGuid = {6BD275A4-C7F9-44C9-85A6-C58BFCE8E43B}
	EndGlobalSection
EndGlobal
