
Microsoft Visual Studio Solution File, Format Version 12.00
# Visual Studio Version 16
VisualStudioVersion = 16.0.30114.105
MinimumVisualStudioVersion = 10.0.40219.1
Project("{9A19103F-16F7-4668-BE54-9A1E7A4F7556}") = "R5T.F0017.Construction", "R5T.F0017.Construction\R5T.F0017.Construction.csproj", "{2023373C-3CE1-4DD3-82D3-13A6BCFE3F7A}"
EndProject
Project("{9A19103F-16F7-4668-BE54-9A1E7A4F7556}") = "R5T.F0017", "R5T.F0017\R5T.F0017.csproj", "{AEDECABA-043A-45FE-B422-CC844ABBB0F4}"
EndProject
Project("{9A19103F-16F7-4668-BE54-9A1E7A4F7556}") = "R5T.F0017.F002", "R5T.F0017.F002\R5T.F0017.F002.csproj", "{47CD6620-C6F2-4E92-880F-D79FF318C4BA}"
EndProject
Project("{9A19103F-16F7-4668-BE54-9A1E7A4F7556}") = "R5T.F0017.F002.V000.F000", "R5T.F0017.F002.V000.F000\R5T.F0017.F002.V000.F000.csproj", "{F9DEA6A5-C996-43F1-8D13-6479FBC923A6}"
EndProject
Project("{9A19103F-16F7-4668-BE54-9A1E7A4F7556}") = "R5T.F0017.F002.V000.T000", "R5T.F0017.F002.V000.T000\R5T.F0017.F002.V000.T000.csproj", "{AFDA9FD9-47A1-4E6D-A937-336741310305}"
EndProject
Project("{9A19103F-16F7-4668-BE54-9A1E7A4F7556}") = "R5T.F0017.F002.V000.Z000", "R5T.F0017.F002.V000.Z000\R5T.F0017.F002.V000.Z000.csproj", "{CBC5146F-0F12-43D6-A4D4-4172366B6FF8}"
EndProject
Project("{9A19103F-16F7-4668-BE54-9A1E7A4F7556}") = "R5T.F0018", "..\..\R5T.F0018\source\R5T.F0018\R5T.F0018.csproj", "{2737043C-7FFF-4456-B953-8A99523F5A48}"
EndProject
Project("{2150E333-8FDC-42A3-9474-1A3956D46DE8}") = "_Dependencies", "_Dependencies", "{015EFE86-C9C1-42D8-B4E3-B28E4DD406EC}"
EndProject
Project("{9A19103F-16F7-4668-BE54-9A1E7A4F7556}") = "R5T.L0021", "..\..\R5T.L0021\source\R5T.L0021\R5T.L0021.csproj", "{6A77F80E-F23E-4E39-94E4-1FF882461B7E}"
EndProject
Project("{9A19103F-16F7-4668-BE54-9A1E7A4F7556}") = "R5T.T0041.X002", "..\..\R5T.T0041\source\R5T.T0041.X002\R5T.T0041.X002.csproj", "{60AB3F14-1A3D-4197-ACE8-503A819E7DC3}"
EndProject
Project("{9A19103F-16F7-4668-BE54-9A1E7A4F7556}") = "R5T.Magyar.T002.X000", "..\..\R5T.Magyar\source\R5T.Magyar.T002.X000\R5T.Magyar.T002.X000.csproj", "{16364BF6-81BE-4381-B4ED-E1DF5AB61E70}"
EndProject
Project("{9A19103F-16F7-4668-BE54-9A1E7A4F7556}") = "R5T.Magyar.T002", "..\..\R5T.Magyar\source\R5T.Magyar.T002\R5T.Magyar.T002.csproj", "{E0609782-E7DE-40E8-98EA-394283DF1E51}"
EndProject
Project("{9A19103F-16F7-4668-BE54-9A1E7A4F7556}") = "R5T.T0039.T002", "..\..\R5T.T0039\source\R5T.T0039.T002\R5T.T0039.T002.csproj", "{BAC218CF-9221-40D3-B285-5AF1CED1CB91}"
EndProject
Project("{9A19103F-16F7-4668-BE54-9A1E7A4F7556}") = "R5T.T0021.X003", "..\..\R5T.T0021\source\R5T.T0021.X003\R5T.T0021.X003.csproj", "{4244332E-9533-4A5B-98B2-963502C1F390}"
EndProject
Project("{9A19103F-16F7-4668-BE54-9A1E7A4F7556}") = "R5T.Magyar", "..\..\R5T.Magyar\source\R5T.Magyar\R5T.Magyar.csproj", "{679F1833-7710-45A0-81B5-9CA0E2BB4778}"
EndProject
Project("{9A19103F-16F7-4668-BE54-9A1E7A4F7556}") = "R5T.T0021", "..\..\R5T.T0021\source\R5T.T0021\R5T.T0021.csproj", "{47399948-AEFA-4B66-B639-9F468B5AEBDB}"
EndProject
Project("{9A19103F-16F7-4668-BE54-9A1E7A4F7556}") = "R5T.T0042.X001", "..\..\R5T.T0042\source\R5T.T0042.X001\R5T.T0042.X001.csproj", "{BA2B72A4-0EDB-457E-A6CA-60D026587FEF}"
EndProject
Project("{9A19103F-16F7-4668-BE54-9A1E7A4F7556}") = "R5T.T0042", "..\..\R5T.T0042\source\R5T.T0042\R5T.T0042.csproj", "{12281F91-C820-447B-BBA4-94B34FABF247}"
EndProject
Project("{9A19103F-16F7-4668-BE54-9A1E7A4F7556}") = "R5T.T0041.X001", "..\..\R5T.T0041\source\R5T.T0041.X001\R5T.T0041.X001.csproj", "{AAB801DE-F5C4-4AAC-AB5A-A9EA12B306B0}"
EndProject
Project("{9A19103F-16F7-4668-BE54-9A1E7A4F7556}") = "R5T.T0041", "..\..\R5T.T0041\source\R5T.T0041\R5T.T0041.csproj", "{6114AC4F-2E7F-4921-9F9F-ADBAAEB22B29}"
EndProject
Project("{9A19103F-16F7-4668-BE54-9A1E7A4F7556}") = "R5T.T0132", "..\..\R5T.T0132\source\R5T.T0132\R5T.T0132.csproj", "{C7361F10-BB70-446A-8A81-41AA42E09971}"
EndProject
Project("{9A19103F-16F7-4668-BE54-9A1E7A4F7556}") = "R5T.T0131", "..\..\R5T.T0131\source\R5T.T0131\R5T.T0131.csproj", "{9BE22D48-4587-4796-9DDE-836A8EBE3E37}"
EndProject
Project("{9A19103F-16F7-4668-BE54-9A1E7A4F7556}") = "R5T.T0140", "..\..\R5T.T0140\source\R5T.T0140\R5T.T0140.csproj", "{8B8B2640-82BE-4DE8-B98A-7CF50BAFB684}"
EndProject
Project("{9A19103F-16F7-4668-BE54-9A1E7A4F7556}") = "R5T.F0000", "..\..\R5T.F0000\source\R5T.F0000\R5T.F0000.csproj", "{6E25B03E-E772-454D-A3AB-3D467BA4B82B}"
EndProject
Project("{9A19103F-16F7-4668-BE54-9A1E7A4F7556}") = "R5T.F0002", "..\..\R5T.F0002\source\R5T.F0002\R5T.F0002.csproj", "{23406F1E-4048-46DA-9A25-B0FA4228253D}"
EndProject
Project("{9A19103F-16F7-4668-BE54-9A1E7A4F7556}") = "R5T.T0142", "..\..\R5T.T0142\source\R5T.T0142\R5T.T0142.csproj", "{DC940D3D-BCB3-4196-A621-718F6A8B35D0}"
EndProject
Project("{9A19103F-16F7-4668-BE54-9A1E7A4F7556}") = "R5T.T0143", "..\..\R5T.T0143\source\R5T.T0143\R5T.T0143.csproj", "{2692064D-D2BC-44FB-93C7-349AF3752EC4}"
EndProject
Project("{9A19103F-16F7-4668-BE54-9A1E7A4F7556}") = "R5T.Y0000", "..\..\R5T.Y0000\source\R5T.Y0000\R5T.Y0000.csproj", "{480E8FDA-9BB0-4019-8A91-101B7E75929B}"
EndProject
Project("{9A19103F-16F7-4668-BE54-9A1E7A4F7556}") = "R5T.Z0000", "..\..\R5T.Z0000\source\R5T.Z0000\R5T.Z0000.csproj", "{3C4FFAA0-3AAF-4E0E-8B1F-8DF17D17ABC3}"
EndProject
Global
	GlobalSection(NestedProjects) = preSolution
		{2737043C-7FFF-4456-B953-8A99523F5A48} = {015EFE86-C9C1-42D8-B4E3-B28E4DD406EC}
		{6A77F80E-F23E-4E39-94E4-1FF882461B7E} = {015EFE86-C9C1-42D8-B4E3-B28E4DD406EC}
		{60AB3F14-1A3D-4197-ACE8-503A819E7DC3} = {015EFE86-C9C1-42D8-B4E3-B28E4DD406EC}
		{16364BF6-81BE-4381-B4ED-E1DF5AB61E70} = {015EFE86-C9C1-42D8-B4E3-B28E4DD406EC}
		{E0609782-E7DE-40E8-98EA-394283DF1E51} = {015EFE86-C9C1-42D8-B4E3-B28E4DD406EC}
		{BAC218CF-9221-40D3-B285-5AF1CED1CB91} = {015EFE86-C9C1-42D8-B4E3-B28E4DD406EC}
		{4244332E-9533-4A5B-98B2-963502C1F390} = {015EFE86-C9C1-42D8-B4E3-B28E4DD406EC}
		{679F1833-7710-45A0-81B5-9CA0E2BB4778} = {015EFE86-C9C1-42D8-B4E3-B28E4DD406EC}
		{47399948-AEFA-4B66-B639-9F468B5AEBDB} = {015EFE86-C9C1-42D8-B4E3-B28E4DD406EC}
		{BA2B72A4-0EDB-457E-A6CA-60D026587FEF} = {015EFE86-C9C1-42D8-B4E3-B28E4DD406EC}
		{12281F91-C820-447B-BBA4-94B34FABF247} = {015EFE86-C9C1-42D8-B4E3-B28E4DD406EC}
		{AAB801DE-F5C4-4AAC-AB5A-A9EA12B306B0} = {015EFE86-C9C1-42D8-B4E3-B28E4DD406EC}
		{6114AC4F-2E7F-4921-9F9F-ADBAAEB22B29} = {015EFE86-C9C1-42D8-B4E3-B28E4DD406EC}
		{C7361F10-BB70-446A-8A81-41AA42E09971} = {015EFE86-C9C1-42D8-B4E3-B28E4DD406EC}
		{9BE22D48-4587-4796-9DDE-836A8EBE3E37} = {015EFE86-C9C1-42D8-B4E3-B28E4DD406EC}
		{8B8B2640-82BE-4DE8-B98A-7CF50BAFB684} = {015EFE86-C9C1-42D8-B4E3-B28E4DD406EC}
		{6E25B03E-E772-454D-A3AB-3D467BA4B82B} = {015EFE86-C9C1-42D8-B4E3-B28E4DD406EC}
		{23406F1E-4048-46DA-9A25-B0FA4228253D} = {015EFE86-C9C1-42D8-B4E3-B28E4DD406EC}
		{DC940D3D-BCB3-4196-A621-718F6A8B35D0} = {015EFE86-C9C1-42D8-B4E3-B28E4DD406EC}
		{2692064D-D2BC-44FB-93C7-349AF3752EC4} = {015EFE86-C9C1-42D8-B4E3-B28E4DD406EC}
		{480E8FDA-9BB0-4019-8A91-101B7E75929B} = {015EFE86-C9C1-42D8-B4E3-B28E4DD406EC}
		{3C4FFAA0-3AAF-4E0E-8B1F-8DF17D17ABC3} = {015EFE86-C9C1-42D8-B4E3-B28E4DD406EC}
	EndGlobalSection
	GlobalSection(SolutionConfigurationPlatforms) = preSolution
		Debug|Any CPU = Debug|Any CPU
		Debug|x64 = Debug|x64
		Debug|x86 = Debug|x86
		Release|Any CPU = Release|Any CPU
		Release|x64 = Release|x64
		Release|x86 = Release|x86
	EndGlobalSection
	GlobalSection(ProjectConfigurationPlatforms) = postSolution
		{2023373C-3CE1-4DD3-82D3-13A6BCFE3F7A}.Debug|Any CPU.ActiveCfg = Debug|Any CPU
		{2023373C-3CE1-4DD3-82D3-13A6BCFE3F7A}.Debug|Any CPU.Build.0 = Debug|Any CPU
		{2023373C-3CE1-4DD3-82D3-13A6BCFE3F7A}.Debug|x64.ActiveCfg = Debug|Any CPU
		{2023373C-3CE1-4DD3-82D3-13A6BCFE3F7A}.Debug|x64.Build.0 = Debug|Any CPU
		{2023373C-3CE1-4DD3-82D3-13A6BCFE3F7A}.Debug|x86.ActiveCfg = Debug|Any CPU
		{2023373C-3CE1-4DD3-82D3-13A6BCFE3F7A}.Debug|x86.Build.0 = Debug|Any CPU
		{2023373C-3CE1-4DD3-82D3-13A6BCFE3F7A}.Release|Any CPU.ActiveCfg = Release|Any CPU
		{2023373C-3CE1-4DD3-82D3-13A6BCFE3F7A}.Release|Any CPU.Build.0 = Release|Any CPU
		{2023373C-3CE1-4DD3-82D3-13A6BCFE3F7A}.Release|x64.ActiveCfg = Release|Any CPU
		{2023373C-3CE1-4DD3-82D3-13A6BCFE3F7A}.Release|x64.Build.0 = Release|Any CPU
		{2023373C-3CE1-4DD3-82D3-13A6BCFE3F7A}.Release|x86.ActiveCfg = Release|Any CPU
		{2023373C-3CE1-4DD3-82D3-13A6BCFE3F7A}.Release|x86.Build.0 = Release|Any CPU
		{AEDECABA-043A-45FE-B422-CC844ABBB0F4}.Debug|Any CPU.ActiveCfg = Debug|Any CPU
		{AEDECABA-043A-45FE-B422-CC844ABBB0F4}.Debug|Any CPU.Build.0 = Debug|Any CPU
		{AEDECABA-043A-45FE-B422-CC844ABBB0F4}.Debug|x64.ActiveCfg = Debug|Any CPU
		{AEDECABA-043A-45FE-B422-CC844ABBB0F4}.Debug|x64.Build.0 = Debug|Any CPU
		{AEDECABA-043A-45FE-B422-CC844ABBB0F4}.Debug|x86.ActiveCfg = Debug|Any CPU
		{AEDECABA-043A-45FE-B422-CC844ABBB0F4}.Debug|x86.Build.0 = Debug|Any CPU
		{AEDECABA-043A-45FE-B422-CC844ABBB0F4}.Release|Any CPU.ActiveCfg = Release|Any CPU
		{AEDECABA-043A-45FE-B422-CC844ABBB0F4}.Release|Any CPU.Build.0 = Release|Any CPU
		{AEDECABA-043A-45FE-B422-CC844ABBB0F4}.Release|x64.ActiveCfg = Release|Any CPU
		{AEDECABA-043A-45FE-B422-CC844ABBB0F4}.Release|x64.Build.0 = Release|Any CPU
		{AEDECABA-043A-45FE-B422-CC844ABBB0F4}.Release|x86.ActiveCfg = Release|Any CPU
		{AEDECABA-043A-45FE-B422-CC844ABBB0F4}.Release|x86.Build.0 = Release|Any CPU
		{47CD6620-C6F2-4E92-880F-D79FF318C4BA}.Debug|Any CPU.ActiveCfg = Debug|Any CPU
		{47CD6620-C6F2-4E92-880F-D79FF318C4BA}.Debug|Any CPU.Build.0 = Debug|Any CPU
		{47CD6620-C6F2-4E92-880F-D79FF318C4BA}.Debug|x64.ActiveCfg = Debug|Any CPU
		{47CD6620-C6F2-4E92-880F-D79FF318C4BA}.Debug|x64.Build.0 = Debug|Any CPU
		{47CD6620-C6F2-4E92-880F-D79FF318C4BA}.Debug|x86.ActiveCfg = Debug|Any CPU
		{47CD6620-C6F2-4E92-880F-D79FF318C4BA}.Debug|x86.Build.0 = Debug|Any CPU
		{47CD6620-C6F2-4E92-880F-D79FF318C4BA}.Release|Any CPU.ActiveCfg = Release|Any CPU
		{47CD6620-C6F2-4E92-880F-D79FF318C4BA}.Release|Any CPU.Build.0 = Release|Any CPU
		{47CD6620-C6F2-4E92-880F-D79FF318C4BA}.Release|x64.ActiveCfg = Release|Any CPU
		{47CD6620-C6F2-4E92-880F-D79FF318C4BA}.Release|x64.Build.0 = Release|Any CPU
		{47CD6620-C6F2-4E92-880F-D79FF318C4BA}.Release|x86.ActiveCfg = Release|Any CPU
		{47CD6620-C6F2-4E92-880F-D79FF318C4BA}.Release|x86.Build.0 = Release|Any CPU
		{F9DEA6A5-C996-43F1-8D13-6479FBC923A6}.Debug|Any CPU.ActiveCfg = Debug|Any CPU
		{F9DEA6A5-C996-43F1-8D13-6479FBC923A6}.Debug|Any CPU.Build.0 = Debug|Any CPU
		{F9DEA6A5-C996-43F1-8D13-6479FBC923A6}.Debug|x64.ActiveCfg = Debug|Any CPU
		{F9DEA6A5-C996-43F1-8D13-6479FBC923A6}.Debug|x64.Build.0 = Debug|Any CPU
		{F9DEA6A5-C996-43F1-8D13-6479FBC923A6}.Debug|x86.ActiveCfg = Debug|Any CPU
		{F9DEA6A5-C996-43F1-8D13-6479FBC923A6}.Debug|x86.Build.0 = Debug|Any CPU
		{F9DEA6A5-C996-43F1-8D13-6479FBC923A6}.Release|Any CPU.ActiveCfg = Release|Any CPU
		{F9DEA6A5-C996-43F1-8D13-6479FBC923A6}.Release|Any CPU.Build.0 = Release|Any CPU
		{F9DEA6A5-C996-43F1-8D13-6479FBC923A6}.Release|x64.ActiveCfg = Release|Any CPU
		{F9DEA6A5-C996-43F1-8D13-6479FBC923A6}.Release|x64.Build.0 = Release|Any CPU
		{F9DEA6A5-C996-43F1-8D13-6479FBC923A6}.Release|x86.ActiveCfg = Release|Any CPU
		{F9DEA6A5-C996-43F1-8D13-6479FBC923A6}.Release|x86.Build.0 = Release|Any CPU
		{AFDA9FD9-47A1-4E6D-A937-336741310305}.Debug|Any CPU.ActiveCfg = Debug|Any CPU
		{AFDA9FD9-47A1-4E6D-A937-336741310305}.Debug|Any CPU.Build.0 = Debug|Any CPU
		{AFDA9FD9-47A1-4E6D-A937-336741310305}.Debug|x64.ActiveCfg = Debug|Any CPU
		{AFDA9FD9-47A1-4E6D-A937-336741310305}.Debug|x64.Build.0 = Debug|Any CPU
		{AFDA9FD9-47A1-4E6D-A937-336741310305}.Debug|x86.ActiveCfg = Debug|Any CPU
		{AFDA9FD9-47A1-4E6D-A937-336741310305}.Debug|x86.Build.0 = Debug|Any CPU
		{AFDA9FD9-47A1-4E6D-A937-336741310305}.Release|Any CPU.ActiveCfg = Release|Any CPU
		{AFDA9FD9-47A1-4E6D-A937-336741310305}.Release|Any CPU.Build.0 = Release|Any CPU
		{AFDA9FD9-47A1-4E6D-A937-336741310305}.Release|x64.ActiveCfg = Release|Any CPU
		{AFDA9FD9-47A1-4E6D-A937-336741310305}.Release|x64.Build.0 = Release|Any CPU
		{AFDA9FD9-47A1-4E6D-A937-336741310305}.Release|x86.ActiveCfg = Release|Any CPU
		{AFDA9FD9-47A1-4E6D-A937-336741310305}.Release|x86.Build.0 = Release|Any CPU
		{CBC5146F-0F12-43D6-A4D4-4172366B6FF8}.Debug|Any CPU.ActiveCfg = Debug|Any CPU
		{CBC5146F-0F12-43D6-A4D4-4172366B6FF8}.Debug|Any CPU.Build.0 = Debug|Any CPU
		{CBC5146F-0F12-43D6-A4D4-4172366B6FF8}.Debug|x64.ActiveCfg = Debug|Any CPU
		{CBC5146F-0F12-43D6-A4D4-4172366B6FF8}.Debug|x64.Build.0 = Debug|Any CPU
		{CBC5146F-0F12-43D6-A4D4-4172366B6FF8}.Debug|x86.ActiveCfg = Debug|Any CPU
		{CBC5146F-0F12-43D6-A4D4-4172366B6FF8}.Debug|x86.Build.0 = Debug|Any CPU
		{CBC5146F-0F12-43D6-A4D4-4172366B6FF8}.Release|Any CPU.ActiveCfg = Release|Any CPU
		{CBC5146F-0F12-43D6-A4D4-4172366B6FF8}.Release|Any CPU.Build.0 = Release|Any CPU
		{CBC5146F-0F12-43D6-A4D4-4172366B6FF8}.Release|x64.ActiveCfg = Release|Any CPU
		{CBC5146F-0F12-43D6-A4D4-4172366B6FF8}.Release|x64.Build.0 = Release|Any CPU
		{CBC5146F-0F12-43D6-A4D4-4172366B6FF8}.Release|x86.ActiveCfg = Release|Any CPU
		{CBC5146F-0F12-43D6-A4D4-4172366B6FF8}.Release|x86.Build.0 = Release|Any CPU
		{2737043C-7FFF-4456-B953-8A99523F5A48}.Debug|Any CPU.ActiveCfg = Debug|Any CPU
		{2737043C-7FFF-4456-B953-8A99523F5A48}.Debug|Any CPU.Build.0 = Debug|Any CPU
		{2737043C-7FFF-4456-B953-8A99523F5A48}.Debug|x64.ActiveCfg = Debug|Any CPU
		{2737043C-7FFF-4456-B953-8A99523F5A48}.Debug|x64.Build.0 = Debug|Any CPU
		{2737043C-7FFF-4456-B953-8A99523F5A48}.Debug|x86.ActiveCfg = Debug|Any CPU
		{2737043C-7FFF-4456-B953-8A99523F5A48}.Debug|x86.Build.0 = Debug|Any CPU
		{2737043C-7FFF-4456-B953-8A99523F5A48}.Release|Any CPU.ActiveCfg = Release|Any CPU
		{2737043C-7FFF-4456-B953-8A99523F5A48}.Release|Any CPU.Build.0 = Release|Any CPU
		{2737043C-7FFF-4456-B953-8A99523F5A48}.Release|x64.ActiveCfg = Release|Any CPU
		{2737043C-7FFF-4456-B953-8A99523F5A48}.Release|x64.Build.0 = Release|Any CPU
		{2737043C-7FFF-4456-B953-8A99523F5A48}.Release|x86.ActiveCfg = Release|Any CPU
		{2737043C-7FFF-4456-B953-8A99523F5A48}.Release|x86.Build.0 = Release|Any CPU
		{6A77F80E-F23E-4E39-94E4-1FF882461B7E}.Debug|Any CPU.ActiveCfg = Debug|Any CPU
		{6A77F80E-F23E-4E39-94E4-1FF882461B7E}.Debug|Any CPU.Build.0 = Debug|Any CPU
		{6A77F80E-F23E-4E39-94E4-1FF882461B7E}.Debug|x64.ActiveCfg = Debug|Any CPU
		{6A77F80E-F23E-4E39-94E4-1FF882461B7E}.Debug|x64.Build.0 = Debug|Any CPU
		{6A77F80E-F23E-4E39-94E4-1FF882461B7E}.Debug|x86.ActiveCfg = Debug|Any CPU
		{6A77F80E-F23E-4E39-94E4-1FF882461B7E}.Debug|x86.Build.0 = Debug|Any CPU
		{6A77F80E-F23E-4E39-94E4-1FF882461B7E}.Release|Any CPU.ActiveCfg = Release|Any CPU
		{6A77F80E-F23E-4E39-94E4-1FF882461B7E}.Release|Any CPU.Build.0 = Release|Any CPU
		{6A77F80E-F23E-4E39-94E4-1FF882461B7E}.Release|x64.ActiveCfg = Release|Any CPU
		{6A77F80E-F23E-4E39-94E4-1FF882461B7E}.Release|x64.Build.0 = Release|Any CPU
		{6A77F80E-F23E-4E39-94E4-1FF882461B7E}.Release|x86.ActiveCfg = Release|Any CPU
		{6A77F80E-F23E-4E39-94E4-1FF882461B7E}.Release|x86.Build.0 = Release|Any CPU
		{60AB3F14-1A3D-4197-ACE8-503A819E7DC3}.Debug|Any CPU.ActiveCfg = Debug|Any CPU
		{60AB3F14-1A3D-4197-ACE8-503A819E7DC3}.Debug|Any CPU.Build.0 = Debug|Any CPU
		{60AB3F14-1A3D-4197-ACE8-503A819E7DC3}.Debug|x64.ActiveCfg = Debug|Any CPU
		{60AB3F14-1A3D-4197-ACE8-503A819E7DC3}.Debug|x64.Build.0 = Debug|Any CPU
		{60AB3F14-1A3D-4197-ACE8-503A819E7DC3}.Debug|x86.ActiveCfg = Debug|Any CPU
		{60AB3F14-1A3D-4197-ACE8-503A819E7DC3}.Debug|x86.Build.0 = Debug|Any CPU
		{60AB3F14-1A3D-4197-ACE8-503A819E7DC3}.Release|Any CPU.ActiveCfg = Release|Any CPU
		{60AB3F14-1A3D-4197-ACE8-503A819E7DC3}.Release|Any CPU.Build.0 = Release|Any CPU
		{60AB3F14-1A3D-4197-ACE8-503A819E7DC3}.Release|x64.ActiveCfg = Release|Any CPU
		{60AB3F14-1A3D-4197-ACE8-503A819E7DC3}.Release|x64.Build.0 = Release|Any CPU
		{60AB3F14-1A3D-4197-ACE8-503A819E7DC3}.Release|x86.ActiveCfg = Release|Any CPU
		{60AB3F14-1A3D-4197-ACE8-503A819E7DC3}.Release|x86.Build.0 = Release|Any CPU
		{16364BF6-81BE-4381-B4ED-E1DF5AB61E70}.Debug|Any CPU.ActiveCfg = Debug|Any CPU
		{16364BF6-81BE-4381-B4ED-E1DF5AB61E70}.Debug|Any CPU.Build.0 = Debug|Any CPU
		{16364BF6-81BE-4381-B4ED-E1DF5AB61E70}.Debug|x64.ActiveCfg = Debug|Any CPU
		{16364BF6-81BE-4381-B4ED-E1DF5AB61E70}.Debug|x64.Build.0 = Debug|Any CPU
		{16364BF6-81BE-4381-B4ED-E1DF5AB61E70}.Debug|x86.ActiveCfg = Debug|Any CPU
		{16364BF6-81BE-4381-B4ED-E1DF5AB61E70}.Debug|x86.Build.0 = Debug|Any CPU
		{16364BF6-81BE-4381-B4ED-E1DF5AB61E70}.Release|Any CPU.ActiveCfg = Release|Any CPU
		{16364BF6-81BE-4381-B4ED-E1DF5AB61E70}.Release|Any CPU.Build.0 = Release|Any CPU
		{16364BF6-81BE-4381-B4ED-E1DF5AB61E70}.Release|x64.ActiveCfg = Release|Any CPU
		{16364BF6-81BE-4381-B4ED-E1DF5AB61E70}.Release|x64.Build.0 = Release|Any CPU
		{16364BF6-81BE-4381-B4ED-E1DF5AB61E70}.Release|x86.ActiveCfg = Release|Any CPU
		{16364BF6-81BE-4381-B4ED-E1DF5AB61E70}.Release|x86.Build.0 = Release|Any CPU
		{E0609782-E7DE-40E8-98EA-394283DF1E51}.Debug|Any CPU.ActiveCfg = Debug|Any CPU
		{E0609782-E7DE-40E8-98EA-394283DF1E51}.Debug|Any CPU.Build.0 = Debug|Any CPU
		{E0609782-E7DE-40E8-98EA-394283DF1E51}.Debug|x64.ActiveCfg = Debug|Any CPU
		{E0609782-E7DE-40E8-98EA-394283DF1E51}.Debug|x64.Build.0 = Debug|Any CPU
		{E0609782-E7DE-40E8-98EA-394283DF1E51}.Debug|x86.ActiveCfg = Debug|Any CPU
		{E0609782-E7DE-40E8-98EA-394283DF1E51}.Debug|x86.Build.0 = Debug|Any CPU
		{E0609782-E7DE-40E8-98EA-394283DF1E51}.Release|Any CPU.ActiveCfg = Release|Any CPU
		{E0609782-E7DE-40E8-98EA-394283DF1E51}.Release|Any CPU.Build.0 = Release|Any CPU
		{E0609782-E7DE-40E8-98EA-394283DF1E51}.Release|x64.ActiveCfg = Release|Any CPU
		{E0609782-E7DE-40E8-98EA-394283DF1E51}.Release|x64.Build.0 = Release|Any CPU
		{E0609782-E7DE-40E8-98EA-394283DF1E51}.Release|x86.ActiveCfg = Release|Any CPU
		{E0609782-E7DE-40E8-98EA-394283DF1E51}.Release|x86.Build.0 = Release|Any CPU
		{BAC218CF-9221-40D3-B285-5AF1CED1CB91}.Debug|Any CPU.ActiveCfg = Debug|Any CPU
		{BAC218CF-9221-40D3-B285-5AF1CED1CB91}.Debug|Any CPU.Build.0 = Debug|Any CPU
		{BAC218CF-9221-40D3-B285-5AF1CED1CB91}.Debug|x64.ActiveCfg = Debug|Any CPU
		{BAC218CF-9221-40D3-B285-5AF1CED1CB91}.Debug|x64.Build.0 = Debug|Any CPU
		{BAC218CF-9221-40D3-B285-5AF1CED1CB91}.Debug|x86.ActiveCfg = Debug|Any CPU
		{BAC218CF-9221-40D3-B285-5AF1CED1CB91}.Debug|x86.Build.0 = Debug|Any CPU
		{BAC218CF-9221-40D3-B285-5AF1CED1CB91}.Release|Any CPU.ActiveCfg = Release|Any CPU
		{BAC218CF-9221-40D3-B285-5AF1CED1CB91}.Release|Any CPU.Build.0 = Release|Any CPU
		{BAC218CF-9221-40D3-B285-5AF1CED1CB91}.Release|x64.ActiveCfg = Release|Any CPU
		{BAC218CF-9221-40D3-B285-5AF1CED1CB91}.Release|x64.Build.0 = Release|Any CPU
		{BAC218CF-9221-40D3-B285-5AF1CED1CB91}.Release|x86.ActiveCfg = Release|Any CPU
		{BAC218CF-9221-40D3-B285-5AF1CED1CB91}.Release|x86.Build.0 = Release|Any CPU
		{4244332E-9533-4A5B-98B2-963502C1F390}.Debug|Any CPU.ActiveCfg = Debug|Any CPU
		{4244332E-9533-4A5B-98B2-963502C1F390}.Debug|Any CPU.Build.0 = Debug|Any CPU
		{4244332E-9533-4A5B-98B2-963502C1F390}.Debug|x64.ActiveCfg = Debug|Any CPU
		{4244332E-9533-4A5B-98B2-963502C1F390}.Debug|x64.Build.0 = Debug|Any CPU
		{4244332E-9533-4A5B-98B2-963502C1F390}.Debug|x86.ActiveCfg = Debug|Any CPU
		{4244332E-9533-4A5B-98B2-963502C1F390}.Debug|x86.Build.0 = Debug|Any CPU
		{4244332E-9533-4A5B-98B2-963502C1F390}.Release|Any CPU.ActiveCfg = Release|Any CPU
		{4244332E-9533-4A5B-98B2-963502C1F390}.Release|Any CPU.Build.0 = Release|Any CPU
		{4244332E-9533-4A5B-98B2-963502C1F390}.Release|x64.ActiveCfg = Release|Any CPU
		{4244332E-9533-4A5B-98B2-963502C1F390}.Release|x64.Build.0 = Release|Any CPU
		{4244332E-9533-4A5B-98B2-963502C1F390}.Release|x86.ActiveCfg = Release|Any CPU
		{4244332E-9533-4A5B-98B2-963502C1F390}.Release|x86.Build.0 = Release|Any CPU
		{679F1833-7710-45A0-81B5-9CA0E2BB4778}.Debug|Any CPU.ActiveCfg = Debug|Any CPU
		{679F1833-7710-45A0-81B5-9CA0E2BB4778}.Debug|Any CPU.Build.0 = Debug|Any CPU
		{679F1833-7710-45A0-81B5-9CA0E2BB4778}.Debug|x64.ActiveCfg = Debug|Any CPU
		{679F1833-7710-45A0-81B5-9CA0E2BB4778}.Debug|x64.Build.0 = Debug|Any CPU
		{679F1833-7710-45A0-81B5-9CA0E2BB4778}.Debug|x86.ActiveCfg = Debug|Any CPU
		{679F1833-7710-45A0-81B5-9CA0E2BB4778}.Debug|x86.Build.0 = Debug|Any CPU
		{679F1833-7710-45A0-81B5-9CA0E2BB4778}.Release|Any CPU.ActiveCfg = Release|Any CPU
		{679F1833-7710-45A0-81B5-9CA0E2BB4778}.Release|Any CPU.Build.0 = Release|Any CPU
		{679F1833-7710-45A0-81B5-9CA0E2BB4778}.Release|x64.ActiveCfg = Release|Any CPU
		{679F1833-7710-45A0-81B5-9CA0E2BB4778}.Release|x64.Build.0 = Release|Any CPU
		{679F1833-7710-45A0-81B5-9CA0E2BB4778}.Release|x86.ActiveCfg = Release|Any CPU
		{679F1833-7710-45A0-81B5-9CA0E2BB4778}.Release|x86.Build.0 = Release|Any CPU
		{47399948-AEFA-4B66-B639-9F468B5AEBDB}.Debug|Any CPU.ActiveCfg = Debug|Any CPU
		{47399948-AEFA-4B66-B639-9F468B5AEBDB}.Debug|Any CPU.Build.0 = Debug|Any CPU
		{47399948-AEFA-4B66-B639-9F468B5AEBDB}.Debug|x64.ActiveCfg = Debug|Any CPU
		{47399948-AEFA-4B66-B639-9F468B5AEBDB}.Debug|x64.Build.0 = Debug|Any CPU
		{47399948-AEFA-4B66-B639-9F468B5AEBDB}.Debug|x86.ActiveCfg = Debug|Any CPU
		{47399948-AEFA-4B66-B639-9F468B5AEBDB}.Debug|x86.Build.0 = Debug|Any CPU
		{47399948-AEFA-4B66-B639-9F468B5AEBDB}.Release|Any CPU.ActiveCfg = Release|Any CPU
		{47399948-AEFA-4B66-B639-9F468B5AEBDB}.Release|Any CPU.Build.0 = Release|Any CPU
		{47399948-AEFA-4B66-B639-9F468B5AEBDB}.Release|x64.ActiveCfg = Release|Any CPU
		{47399948-AEFA-4B66-B639-9F468B5AEBDB}.Release|x64.Build.0 = Release|Any CPU
		{47399948-AEFA-4B66-B639-9F468B5AEBDB}.Release|x86.ActiveCfg = Release|Any CPU
		{47399948-AEFA-4B66-B639-9F468B5AEBDB}.Release|x86.Build.0 = Release|Any CPU
		{BA2B72A4-0EDB-457E-A6CA-60D026587FEF}.Debug|Any CPU.ActiveCfg = Debug|Any CPU
		{BA2B72A4-0EDB-457E-A6CA-60D026587FEF}.Debug|Any CPU.Build.0 = Debug|Any CPU
		{BA2B72A4-0EDB-457E-A6CA-60D026587FEF}.Debug|x64.ActiveCfg = Debug|Any CPU
		{BA2B72A4-0EDB-457E-A6CA-60D026587FEF}.Debug|x64.Build.0 = Debug|Any CPU
		{BA2B72A4-0EDB-457E-A6CA-60D026587FEF}.Debug|x86.ActiveCfg = Debug|Any CPU
		{BA2B72A4-0EDB-457E-A6CA-60D026587FEF}.Debug|x86.Build.0 = Debug|Any CPU
		{BA2B72A4-0EDB-457E-A6CA-60D026587FEF}.Release|Any CPU.ActiveCfg = Release|Any CPU
		{BA2B72A4-0EDB-457E-A6CA-60D026587FEF}.Release|Any CPU.Build.0 = Release|Any CPU
		{BA2B72A4-0EDB-457E-A6CA-60D026587FEF}.Release|x64.ActiveCfg = Release|Any CPU
		{BA2B72A4-0EDB-457E-A6CA-60D026587FEF}.Release|x64.Build.0 = Release|Any CPU
		{BA2B72A4-0EDB-457E-A6CA-60D026587FEF}.Release|x86.ActiveCfg = Release|Any CPU
		{BA2B72A4-0EDB-457E-A6CA-60D026587FEF}.Release|x86.Build.0 = Release|Any CPU
		{12281F91-C820-447B-BBA4-94B34FABF247}.Debug|Any CPU.ActiveCfg = Debug|Any CPU
		{12281F91-C820-447B-BBA4-94B34FABF247}.Debug|Any CPU.Build.0 = Debug|Any CPU
		{12281F91-C820-447B-BBA4-94B34FABF247}.Debug|x64.ActiveCfg = Debug|Any CPU
		{12281F91-C820-447B-BBA4-94B34FABF247}.Debug|x64.Build.0 = Debug|Any CPU
		{12281F91-C820-447B-BBA4-94B34FABF247}.Debug|x86.ActiveCfg = Debug|Any CPU
		{12281F91-C820-447B-BBA4-94B34FABF247}.Debug|x86.Build.0 = Debug|Any CPU
		{12281F91-C820-447B-BBA4-94B34FABF247}.Release|Any CPU.ActiveCfg = Release|Any CPU
		{12281F91-C820-447B-BBA4-94B34FABF247}.Release|Any CPU.Build.0 = Release|Any CPU
		{12281F91-C820-447B-BBA4-94B34FABF247}.Release|x64.ActiveCfg = Release|Any CPU
		{12281F91-C820-447B-BBA4-94B34FABF247}.Release|x64.Build.0 = Release|Any CPU
		{12281F91-C820-447B-BBA4-94B34FABF247}.Release|x86.ActiveCfg = Release|Any CPU
		{12281F91-C820-447B-BBA4-94B34FABF247}.Release|x86.Build.0 = Release|Any CPU
		{AAB801DE-F5C4-4AAC-AB5A-A9EA12B306B0}.Debug|Any CPU.ActiveCfg = Debug|Any CPU
		{AAB801DE-F5C4-4AAC-AB5A-A9EA12B306B0}.Debug|Any CPU.Build.0 = Debug|Any CPU
		{AAB801DE-F5C4-4AAC-AB5A-A9EA12B306B0}.Debug|x64.ActiveCfg = Debug|Any CPU
		{AAB801DE-F5C4-4AAC-AB5A-A9EA12B306B0}.Debug|x64.Build.0 = Debug|Any CPU
		{AAB801DE-F5C4-4AAC-AB5A-A9EA12B306B0}.Debug|x86.ActiveCfg = Debug|Any CPU
		{AAB801DE-F5C4-4AAC-AB5A-A9EA12B306B0}.Debug|x86.Build.0 = Debug|Any CPU
		{AAB801DE-F5C4-4AAC-AB5A-A9EA12B306B0}.Release|Any CPU.ActiveCfg = Release|Any CPU
		{AAB801DE-F5C4-4AAC-AB5A-A9EA12B306B0}.Release|Any CPU.Build.0 = Release|Any CPU
		{AAB801DE-F5C4-4AAC-AB5A-A9EA12B306B0}.Release|x64.ActiveCfg = Release|Any CPU
		{AAB801DE-F5C4-4AAC-AB5A-A9EA12B306B0}.Release|x64.Build.0 = Release|Any CPU
		{AAB801DE-F5C4-4AAC-AB5A-A9EA12B306B0}.Release|x86.ActiveCfg = Release|Any CPU
		{AAB801DE-F5C4-4AAC-AB5A-A9EA12B306B0}.Release|x86.Build.0 = Release|Any CPU
		{6114AC4F-2E7F-4921-9F9F-ADBAAEB22B29}.Debug|Any CPU.ActiveCfg = Debug|Any CPU
		{6114AC4F-2E7F-4921-9F9F-ADBAAEB22B29}.Debug|Any CPU.Build.0 = Debug|Any CPU
		{6114AC4F-2E7F-4921-9F9F-ADBAAEB22B29}.Debug|x64.ActiveCfg = Debug|Any CPU
		{6114AC4F-2E7F-4921-9F9F-ADBAAEB22B29}.Debug|x64.Build.0 = Debug|Any CPU
		{6114AC4F-2E7F-4921-9F9F-ADBAAEB22B29}.Debug|x86.ActiveCfg = Debug|Any CPU
		{6114AC4F-2E7F-4921-9F9F-ADBAAEB22B29}.Debug|x86.Build.0 = Debug|Any CPU
		{6114AC4F-2E7F-4921-9F9F-ADBAAEB22B29}.Release|Any CPU.ActiveCfg = Release|Any CPU
		{6114AC4F-2E7F-4921-9F9F-ADBAAEB22B29}.Release|Any CPU.Build.0 = Release|Any CPU
		{6114AC4F-2E7F-4921-9F9F-ADBAAEB22B29}.Release|x64.ActiveCfg = Release|Any CPU
		{6114AC4F-2E7F-4921-9F9F-ADBAAEB22B29}.Release|x64.Build.0 = Release|Any CPU
		{6114AC4F-2E7F-4921-9F9F-ADBAAEB22B29}.Release|x86.ActiveCfg = Release|Any CPU
		{6114AC4F-2E7F-4921-9F9F-ADBAAEB22B29}.Release|x86.Build.0 = Release|Any CPU
		{C7361F10-BB70-446A-8A81-41AA42E09971}.Debug|Any CPU.ActiveCfg = Debug|Any CPU
		{C7361F10-BB70-446A-8A81-41AA42E09971}.Debug|Any CPU.Build.0 = Debug|Any CPU
		{C7361F10-BB70-446A-8A81-41AA42E09971}.Debug|x64.ActiveCfg = Debug|Any CPU
		{C7361F10-BB70-446A-8A81-41AA42E09971}.Debug|x64.Build.0 = Debug|Any CPU
		{C7361F10-BB70-446A-8A81-41AA42E09971}.Debug|x86.ActiveCfg = Debug|Any CPU
		{C7361F10-BB70-446A-8A81-41AA42E09971}.Debug|x86.Build.0 = Debug|Any CPU
		{C7361F10-BB70-446A-8A81-41AA42E09971}.Release|Any CPU.ActiveCfg = Release|Any CPU
		{C7361F10-BB70-446A-8A81-41AA42E09971}.Release|Any CPU.Build.0 = Release|Any CPU
		{C7361F10-BB70-446A-8A81-41AA42E09971}.Release|x64.ActiveCfg = Release|Any CPU
		{C7361F10-BB70-446A-8A81-41AA42E09971}.Release|x64.Build.0 = Release|Any CPU
		{C7361F10-BB70-446A-8A81-41AA42E09971}.Release|x86.ActiveCfg = Release|Any CPU
		{C7361F10-BB70-446A-8A81-41AA42E09971}.Release|x86.Build.0 = Release|Any CPU
		{9BE22D48-4587-4796-9DDE-836A8EBE3E37}.Debug|Any CPU.ActiveCfg = Debug|Any CPU
		{9BE22D48-4587-4796-9DDE-836A8EBE3E37}.Debug|Any CPU.Build.0 = Debug|Any CPU
		{9BE22D48-4587-4796-9DDE-836A8EBE3E37}.Debug|x64.ActiveCfg = Debug|Any CPU
		{9BE22D48-4587-4796-9DDE-836A8EBE3E37}.Debug|x64.Build.0 = Debug|Any CPU
		{9BE22D48-4587-4796-9DDE-836A8EBE3E37}.Debug|x86.ActiveCfg = Debug|Any CPU
		{9BE22D48-4587-4796-9DDE-836A8EBE3E37}.Debug|x86.Build.0 = Debug|Any CPU
		{9BE22D48-4587-4796-9DDE-836A8EBE3E37}.Release|Any CPU.ActiveCfg = Release|Any CPU
		{9BE22D48-4587-4796-9DDE-836A8EBE3E37}.Release|Any CPU.Build.0 = Release|Any CPU
		{9BE22D48-4587-4796-9DDE-836A8EBE3E37}.Release|x64.ActiveCfg = Release|Any CPU
		{9BE22D48-4587-4796-9DDE-836A8EBE3E37}.Release|x64.Build.0 = Release|Any CPU
		{9BE22D48-4587-4796-9DDE-836A8EBE3E37}.Release|x86.ActiveCfg = Release|Any CPU
		{9BE22D48-4587-4796-9DDE-836A8EBE3E37}.Release|x86.Build.0 = Release|Any CPU
		{8B8B2640-82BE-4DE8-B98A-7CF50BAFB684}.Debug|Any CPU.ActiveCfg = Debug|Any CPU
		{8B8B2640-82BE-4DE8-B98A-7CF50BAFB684}.Debug|Any CPU.Build.0 = Debug|Any CPU
		{8B8B2640-82BE-4DE8-B98A-7CF50BAFB684}.Debug|x64.ActiveCfg = Debug|Any CPU
		{8B8B2640-82BE-4DE8-B98A-7CF50BAFB684}.Debug|x64.Build.0 = Debug|Any CPU
		{8B8B2640-82BE-4DE8-B98A-7CF50BAFB684}.Debug|x86.ActiveCfg = Debug|Any CPU
		{8B8B2640-82BE-4DE8-B98A-7CF50BAFB684}.Debug|x86.Build.0 = Debug|Any CPU
		{8B8B2640-82BE-4DE8-B98A-7CF50BAFB684}.Release|Any CPU.ActiveCfg = Release|Any CPU
		{8B8B2640-82BE-4DE8-B98A-7CF50BAFB684}.Release|Any CPU.Build.0 = Release|Any CPU
		{8B8B2640-82BE-4DE8-B98A-7CF50BAFB684}.Release|x64.ActiveCfg = Release|Any CPU
		{8B8B2640-82BE-4DE8-B98A-7CF50BAFB684}.Release|x64.Build.0 = Release|Any CPU
		{8B8B2640-82BE-4DE8-B98A-7CF50BAFB684}.Release|x86.ActiveCfg = Release|Any CPU
		{8B8B2640-82BE-4DE8-B98A-7CF50BAFB684}.Release|x86.Build.0 = Release|Any CPU
		{6E25B03E-E772-454D-A3AB-3D467BA4B82B}.Debug|Any CPU.ActiveCfg = Debug|Any CPU
		{6E25B03E-E772-454D-A3AB-3D467BA4B82B}.Debug|Any CPU.Build.0 = Debug|Any CPU
		{6E25B03E-E772-454D-A3AB-3D467BA4B82B}.Debug|x64.ActiveCfg = Debug|Any CPU
		{6E25B03E-E772-454D-A3AB-3D467BA4B82B}.Debug|x64.Build.0 = Debug|Any CPU
		{6E25B03E-E772-454D-A3AB-3D467BA4B82B}.Debug|x86.ActiveCfg = Debug|Any CPU
		{6E25B03E-E772-454D-A3AB-3D467BA4B82B}.Debug|x86.Build.0 = Debug|Any CPU
		{6E25B03E-E772-454D-A3AB-3D467BA4B82B}.Release|Any CPU.ActiveCfg = Release|Any CPU
		{6E25B03E-E772-454D-A3AB-3D467BA4B82B}.Release|Any CPU.Build.0 = Release|Any CPU
		{6E25B03E-E772-454D-A3AB-3D467BA4B82B}.Release|x64.ActiveCfg = Release|Any CPU
		{6E25B03E-E772-454D-A3AB-3D467BA4B82B}.Release|x64.Build.0 = Release|Any CPU
		{6E25B03E-E772-454D-A3AB-3D467BA4B82B}.Release|x86.ActiveCfg = Release|Any CPU
		{6E25B03E-E772-454D-A3AB-3D467BA4B82B}.Release|x86.Build.0 = Release|Any CPU
		{23406F1E-4048-46DA-9A25-B0FA4228253D}.Debug|Any CPU.ActiveCfg = Debug|Any CPU
		{23406F1E-4048-46DA-9A25-B0FA4228253D}.Debug|Any CPU.Build.0 = Debug|Any CPU
		{23406F1E-4048-46DA-9A25-B0FA4228253D}.Debug|x64.ActiveCfg = Debug|Any CPU
		{23406F1E-4048-46DA-9A25-B0FA4228253D}.Debug|x64.Build.0 = Debug|Any CPU
		{23406F1E-4048-46DA-9A25-B0FA4228253D}.Debug|x86.ActiveCfg = Debug|Any CPU
		{23406F1E-4048-46DA-9A25-B0FA4228253D}.Debug|x86.Build.0 = Debug|Any CPU
		{23406F1E-4048-46DA-9A25-B0FA4228253D}.Release|Any CPU.ActiveCfg = Release|Any CPU
		{23406F1E-4048-46DA-9A25-B0FA4228253D}.Release|Any CPU.Build.0 = Release|Any CPU
		{23406F1E-4048-46DA-9A25-B0FA4228253D}.Release|x64.ActiveCfg = Release|Any CPU
		{23406F1E-4048-46DA-9A25-B0FA4228253D}.Release|x64.Build.0 = Release|Any CPU
		{23406F1E-4048-46DA-9A25-B0FA4228253D}.Release|x86.ActiveCfg = Release|Any CPU
		{23406F1E-4048-46DA-9A25-B0FA4228253D}.Release|x86.Build.0 = Release|Any CPU
		{DC940D3D-BCB3-4196-A621-718F6A8B35D0}.Debug|Any CPU.ActiveCfg = Debug|Any CPU
		{DC940D3D-BCB3-4196-A621-718F6A8B35D0}.Debug|Any CPU.Build.0 = Debug|Any CPU
		{DC940D3D-BCB3-4196-A621-718F6A8B35D0}.Debug|x64.ActiveCfg = Debug|Any CPU
		{DC940D3D-BCB3-4196-A621-718F6A8B35D0}.Debug|x64.Build.0 = Debug|Any CPU
		{DC940D3D-BCB3-4196-A621-718F6A8B35D0}.Debug|x86.ActiveCfg = Debug|Any CPU
		{DC940D3D-BCB3-4196-A621-718F6A8B35D0}.Debug|x86.Build.0 = Debug|Any CPU
		{DC940D3D-BCB3-4196-A621-718F6A8B35D0}.Release|Any CPU.ActiveCfg = Release|Any CPU
		{DC940D3D-BCB3-4196-A621-718F6A8B35D0}.Release|Any CPU.Build.0 = Release|Any CPU
		{DC940D3D-BCB3-4196-A621-718F6A8B35D0}.Release|x64.ActiveCfg = Release|Any CPU
		{DC940D3D-BCB3-4196-A621-718F6A8B35D0}.Release|x64.Build.0 = Release|Any CPU
		{DC940D3D-BCB3-4196-A621-718F6A8B35D0}.Release|x86.ActiveCfg = Release|Any CPU
		{DC940D3D-BCB3-4196-A621-718F6A8B35D0}.Release|x86.Build.0 = Release|Any CPU
		{2692064D-D2BC-44FB-93C7-349AF3752EC4}.Debug|Any CPU.ActiveCfg = Debug|Any CPU
		{2692064D-D2BC-44FB-93C7-349AF3752EC4}.Debug|Any CPU.Build.0 = Debug|Any CPU
		{2692064D-D2BC-44FB-93C7-349AF3752EC4}.Debug|x64.ActiveCfg = Debug|Any CPU
		{2692064D-D2BC-44FB-93C7-349AF3752EC4}.Debug|x64.Build.0 = Debug|Any CPU
		{2692064D-D2BC-44FB-93C7-349AF3752EC4}.Debug|x86.ActiveCfg = Debug|Any CPU
		{2692064D-D2BC-44FB-93C7-349AF3752EC4}.Debug|x86.Build.0 = Debug|Any CPU
		{2692064D-D2BC-44FB-93C7-349AF3752EC4}.Release|Any CPU.ActiveCfg = Release|Any CPU
		{2692064D-D2BC-44FB-93C7-349AF3752EC4}.Release|Any CPU.Build.0 = Release|Any CPU
		{2692064D-D2BC-44FB-93C7-349AF3752EC4}.Release|x64.ActiveCfg = Release|Any CPU
		{2692064D-D2BC-44FB-93C7-349AF3752EC4}.Release|x64.Build.0 = Release|Any CPU
		{2692064D-D2BC-44FB-93C7-349AF3752EC4}.Release|x86.ActiveCfg = Release|Any CPU
		{2692064D-D2BC-44FB-93C7-349AF3752EC4}.Release|x86.Build.0 = Release|Any CPU
		{480E8FDA-9BB0-4019-8A91-101B7E75929B}.Debug|Any CPU.ActiveCfg = Debug|Any CPU
		{480E8FDA-9BB0-4019-8A91-101B7E75929B}.Debug|Any CPU.Build.0 = Debug|Any CPU
		{480E8FDA-9BB0-4019-8A91-101B7E75929B}.Debug|x64.ActiveCfg = Debug|Any CPU
		{480E8FDA-9BB0-4019-8A91-101B7E75929B}.Debug|x64.Build.0 = Debug|Any CPU
		{480E8FDA-9BB0-4019-8A91-101B7E75929B}.Debug|x86.ActiveCfg = Debug|Any CPU
		{480E8FDA-9BB0-4019-8A91-101B7E75929B}.Debug|x86.Build.0 = Debug|Any CPU
		{480E8FDA-9BB0-4019-8A91-101B7E75929B}.Release|Any CPU.ActiveCfg = Release|Any CPU
		{480E8FDA-9BB0-4019-8A91-101B7E75929B}.Release|Any CPU.Build.0 = Release|Any CPU
		{480E8FDA-9BB0-4019-8A91-101B7E75929B}.Release|x64.ActiveCfg = Release|Any CPU
		{480E8FDA-9BB0-4019-8A91-101B7E75929B}.Release|x64.Build.0 = Release|Any CPU
		{480E8FDA-9BB0-4019-8A91-101B7E75929B}.Release|x86.ActiveCfg = Release|Any CPU
		{480E8FDA-9BB0-4019-8A91-101B7E75929B}.Release|x86.Build.0 = Release|Any CPU
		{3C4FFAA0-3AAF-4E0E-8B1F-8DF17D17ABC3}.Debug|Any CPU.ActiveCfg = Debug|Any CPU
		{3C4FFAA0-3AAF-4E0E-8B1F-8DF17D17ABC3}.Debug|Any CPU.Build.0 = Debug|Any CPU
		{3C4FFAA0-3AAF-4E0E-8B1F-8DF17D17ABC3}.Debug|x64.ActiveCfg = Debug|Any CPU
		{3C4FFAA0-3AAF-4E0E-8B1F-8DF17D17ABC3}.Debug|x64.Build.0 = Debug|Any CPU
		{3C4FFAA0-3AAF-4E0E-8B1F-8DF17D17ABC3}.Debug|x86.ActiveCfg = Debug|Any CPU
		{3C4FFAA0-3AAF-4E0E-8B1F-8DF17D17ABC3}.Debug|x86.Build.0 = Debug|Any CPU
		{3C4FFAA0-3AAF-4E0E-8B1F-8DF17D17ABC3}.Release|Any CPU.ActiveCfg = Release|Any CPU
		{3C4FFAA0-3AAF-4E0E-8B1F-8DF17D17ABC3}.Release|Any CPU.Build.0 = Release|Any CPU
		{3C4FFAA0-3AAF-4E0E-8B1F-8DF17D17ABC3}.Release|x64.ActiveCfg = Release|Any CPU
		{3C4FFAA0-3AAF-4E0E-8B1F-8DF17D17ABC3}.Release|x64.Build.0 = Release|Any CPU
		{3C4FFAA0-3AAF-4E0E-8B1F-8DF17D17ABC3}.Release|x86.ActiveCfg = Release|Any CPU
		{3C4FFAA0-3AAF-4E0E-8B1F-8DF17D17ABC3}.Release|x86.Build.0 = Release|Any CPU
	EndGlobalSection
	GlobalSection(SolutionProperties) = preSolution
		HideSolutionNode = FALSE
	EndGlobalSection
	GlobalSection(ExtensibilityGlobals) = postSolution
		SolutionGuid = {40AF0596-72A1-40D5-90E2-FC75216AF666}
	EndGlobalSection
EndGlobal
