
Microsoft Visual Studio Solution File, Format Version 12.00
# Visual Studio Version 17
VisualStudioVersion = 17.2.32630.192
MinimumVisualStudioVersion = 10.0.40219.1
Project("{9A19103F-16F7-4668-BE54-9A1E7A4F7556}") = "R5T.F0017", "R5T.F0017\R5T.F0017.csproj", "{CB11D987-21C2-401E-8EB1-A68DFD86D62C}"
EndProject
Project("{9A19103F-16F7-4668-BE54-9A1E7A4F7556}") = "R5T.F0017.F002", "R5T.F0017.F002\R5T.F0017.F002.csproj", "{0221F62F-B0B5-4AAA-9EE8-9E408FFF1EEE}"
EndProject
Project("{9A19103F-16F7-4668-BE54-9A1E7A4F7556}") = "R5T.F0017.F002.V000", "R5T.F0017.F002.V000\R5T.F0017.F002.V000.csproj", "{27FC6249-6A85-4A4A-A9BE-BFDD148234A3}"
EndProject
Project("{9A19103F-16F7-4668-BE54-9A1E7A4F7556}") = "R5T.F0017.F002.V000.Z000", "R5T.F0017.F002.V000.Z000\R5T.F0017.F002.V000.Z000.csproj", "{218C042F-B90D-40C5-AC9A-3672E5AB37A0}"
EndProject
Project("{9A19103F-16F7-4668-BE54-9A1E7A4F7556}") = "R5T.F0017.F002.V000.F000", "R5T.F0017.F002.V000.F000\R5T.F0017.F002.V000.F000.csproj", "{EA2908A0-39B1-4558-9776-87041E745014}"
EndProject
Project("{2150E333-8FDC-42A3-9474-1A3956D46DE8}") = "_Dependencies", "_Dependencies", "{227A544D-3A4D-4B34-A6C0-BB1C86E4A42C}"
EndProject
Project("{9A19103F-16F7-4668-BE54-9A1E7A4F7556}") = "R5T.T0140", "..\..\R5T.T0140\source\R5T.T0140\R5T.T0140.csproj", "{D30E0AF9-E0DB-4153-A1C3-2363643BEB59}"
EndProject
Project("{9A19103F-16F7-4668-BE54-9A1E7A4F7556}") = "R5T.T0131", "..\..\R5T.T0131\source\R5T.T0131\R5T.T0131.csproj", "{FDF7D431-2AF6-43C0-9099-5A41426975C0}"
EndProject
Project("{9A19103F-16F7-4668-BE54-9A1E7A4F7556}") = "R5T.Y0000", "..\..\R5T.Y0000\source\R5T.Y0000\R5T.Y0000.csproj", "{581A76A8-B95F-4C5A-BF5E-32A3166D9C07}"
EndProject
Project("{9A19103F-16F7-4668-BE54-9A1E7A4F7556}") = "R5T.F0018", "..\..\R5T.F0018\source\R5T.F0018\R5T.F0018.csproj", "{CD82F9DF-D58C-46C5-BC7D-9F26C308BB49}"
EndProject
Project("{9A19103F-16F7-4668-BE54-9A1E7A4F7556}") = "R5T.T0132", "..\..\R5T.T0132\source\R5T.T0132\R5T.T0132.csproj", "{6769D057-08D8-4A41-B3A5-B7744B43C0E7}"
EndProject
Project("{9A19103F-16F7-4668-BE54-9A1E7A4F7556}") = "R5T.L0020", "..\..\R5T.L0020\source\R5T.L0020\R5T.L0020.csproj", "{D69E3C87-AD5B-4F50-B039-045242FFD083}"
EndProject
Project("{9A19103F-16F7-4668-BE54-9A1E7A4F7556}") = "R5T.T0142", "..\..\R5T.T0142\source\R5T.T0142\R5T.T0142.csproj", "{CF063A31-CB72-40FC-93ED-E557C815154B}"
EndProject
Project("{9A19103F-16F7-4668-BE54-9A1E7A4F7556}") = "R5T.F0101", "..\..\R5T.F0101\source\R5T.F0101\R5T.F0101.csproj", "{3712BAAA-7547-4462-BAAA-C96FAB62203D}"
EndProject
Project("{9A19103F-16F7-4668-BE54-9A1E7A4F7556}") = "R5T.F0000.T000", "..\..\R5T.F0000\source\R5T.F0000.T000\R5T.F0000.T000.csproj", "{AC6519BF-9B44-494D-8423-76C3BD06D698}"
EndProject
Project("{9A19103F-16F7-4668-BE54-9A1E7A4F7556}") = "R5T.F0000", "..\..\R5T.F0000\source\R5T.F0000\R5T.F0000.csproj", "{B5A7929C-D3D1-4A0B-BA52-96FFE97AFF31}"
EndProject
Project("{9A19103F-16F7-4668-BE54-9A1E7A4F7556}") = "R5T.F0002", "..\..\R5T.F0002\source\R5T.F0002\R5T.F0002.csproj", "{6A674742-5EEB-43CD-88AD-2AE5DFF05807}"
EndProject
Project("{9A19103F-16F7-4668-BE54-9A1E7A4F7556}") = "R5T.NG0010", "..\..\R5T.NG0010\source\R5T.NG0010\R5T.NG0010.csproj", "{BDE0F041-DD1F-4311-BBFE-CD72DDA9092F}"
EndProject
Project("{9A19103F-16F7-4668-BE54-9A1E7A4F7556}") = "R5T.NG0017", "..\..\R5T.NG0017\source\R5T.NG0017\R5T.NG0017.csproj", "{3DA88D6F-BBEF-4117-BF8B-9FFB778FB802}"
EndProject
Project("{9A19103F-16F7-4668-BE54-9A1E7A4F7556}") = "R5T.T0120", "..\..\R5T.T0120\source\R5T.T0120\R5T.T0120.csproj", "{C4B7479D-CB97-4B48-BA99-3AE66B697DDC}"
EndProject
Project("{9A19103F-16F7-4668-BE54-9A1E7A4F7556}") = "R5T.T0143", "..\..\R5T.T0143\source\R5T.T0143\R5T.T0143.csproj", "{C3B28E02-7784-4696-AFCF-36494D81D368}"
EndProject
Project("{9A19103F-16F7-4668-BE54-9A1E7A4F7556}") = "R5T.T0156", "..\..\R5T.T0156\source\R5T.T0156\R5T.T0156.csproj", "{6E30235B-FA9C-4B1C-B361-80875D9E8E23}"
EndProject
Project("{9A19103F-16F7-4668-BE54-9A1E7A4F7556}") = "R5T.Z0000", "..\..\R5T.Z0000\source\R5T.Z0000\R5T.Z0000.csproj", "{63F27704-656A-48ED-A750-303FAFCCD2EE}"
EndProject
Project("{9A19103F-16F7-4668-BE54-9A1E7A4F7556}") = "R5T.T0140.Z001", "..\..\R5T.T0140\source\R5T.T0140.Z001\R5T.T0140.Z001.csproj", "{59822F9C-80EF-4C07-B776-FC4F311B41D0}"
EndProject
Global
	GlobalSection(SolutionConfigurationPlatforms) = preSolution
		Debug|Any CPU = Debug|Any CPU
		Debug|x64 = Debug|x64
		Debug|x86 = Debug|x86
		Release|Any CPU = Release|Any CPU
		Release|x64 = Release|x64
		Release|x86 = Release|x86
	EndGlobalSection
	GlobalSection(ProjectConfigurationPlatforms) = postSolution
		{CB11D987-21C2-401E-8EB1-A68DFD86D62C}.Debug|Any CPU.ActiveCfg = Debug|Any CPU
		{CB11D987-21C2-401E-8EB1-A68DFD86D62C}.Debug|Any CPU.Build.0 = Debug|Any CPU
		{CB11D987-21C2-401E-8EB1-A68DFD86D62C}.Debug|x64.ActiveCfg = Debug|Any CPU
		{CB11D987-21C2-401E-8EB1-A68DFD86D62C}.Debug|x64.Build.0 = Debug|Any CPU
		{CB11D987-21C2-401E-8EB1-A68DFD86D62C}.Debug|x86.ActiveCfg = Debug|Any CPU
		{CB11D987-21C2-401E-8EB1-A68DFD86D62C}.Debug|x86.Build.0 = Debug|Any CPU
		{CB11D987-21C2-401E-8EB1-A68DFD86D62C}.Release|Any CPU.ActiveCfg = Release|Any CPU
		{CB11D987-21C2-401E-8EB1-A68DFD86D62C}.Release|Any CPU.Build.0 = Release|Any CPU
		{CB11D987-21C2-401E-8EB1-A68DFD86D62C}.Release|x64.ActiveCfg = Release|Any CPU
		{CB11D987-21C2-401E-8EB1-A68DFD86D62C}.Release|x64.Build.0 = Release|Any CPU
		{CB11D987-21C2-401E-8EB1-A68DFD86D62C}.Release|x86.ActiveCfg = Release|Any CPU
		{CB11D987-21C2-401E-8EB1-A68DFD86D62C}.Release|x86.Build.0 = Release|Any CPU
		{0221F62F-B0B5-4AAA-9EE8-9E408FFF1EEE}.Debug|Any CPU.ActiveCfg = Debug|Any CPU
		{0221F62F-B0B5-4AAA-9EE8-9E408FFF1EEE}.Debug|Any CPU.Build.0 = Debug|Any CPU
		{0221F62F-B0B5-4AAA-9EE8-9E408FFF1EEE}.Debug|x64.ActiveCfg = Debug|Any CPU
		{0221F62F-B0B5-4AAA-9EE8-9E408FFF1EEE}.Debug|x64.Build.0 = Debug|Any CPU
		{0221F62F-B0B5-4AAA-9EE8-9E408FFF1EEE}.Debug|x86.ActiveCfg = Debug|Any CPU
		{0221F62F-B0B5-4AAA-9EE8-9E408FFF1EEE}.Debug|x86.Build.0 = Debug|Any CPU
		{0221F62F-B0B5-4AAA-9EE8-9E408FFF1EEE}.Release|Any CPU.ActiveCfg = Release|Any CPU
		{0221F62F-B0B5-4AAA-9EE8-9E408FFF1EEE}.Release|Any CPU.Build.0 = Release|Any CPU
		{0221F62F-B0B5-4AAA-9EE8-9E408FFF1EEE}.Release|x64.ActiveCfg = Release|Any CPU
		{0221F62F-B0B5-4AAA-9EE8-9E408FFF1EEE}.Release|x64.Build.0 = Release|Any CPU
		{0221F62F-B0B5-4AAA-9EE8-9E408FFF1EEE}.Release|x86.ActiveCfg = Release|Any CPU
		{0221F62F-B0B5-4AAA-9EE8-9E408FFF1EEE}.Release|x86.Build.0 = Release|Any CPU
		{27FC6249-6A85-4A4A-A9BE-BFDD148234A3}.Debug|Any CPU.ActiveCfg = Debug|Any CPU
		{27FC6249-6A85-4A4A-A9BE-BFDD148234A3}.Debug|Any CPU.Build.0 = Debug|Any CPU
		{27FC6249-6A85-4A4A-A9BE-BFDD148234A3}.Debug|x64.ActiveCfg = Debug|Any CPU
		{27FC6249-6A85-4A4A-A9BE-BFDD148234A3}.Debug|x64.Build.0 = Debug|Any CPU
		{27FC6249-6A85-4A4A-A9BE-BFDD148234A3}.Debug|x86.ActiveCfg = Debug|Any CPU
		{27FC6249-6A85-4A4A-A9BE-BFDD148234A3}.Debug|x86.Build.0 = Debug|Any CPU
		{27FC6249-6A85-4A4A-A9BE-BFDD148234A3}.Release|Any CPU.ActiveCfg = Release|Any CPU
		{27FC6249-6A85-4A4A-A9BE-BFDD148234A3}.Release|Any CPU.Build.0 = Release|Any CPU
		{27FC6249-6A85-4A4A-A9BE-BFDD148234A3}.Release|x64.ActiveCfg = Release|Any CPU
		{27FC6249-6A85-4A4A-A9BE-BFDD148234A3}.Release|x64.Build.0 = Release|Any CPU
		{27FC6249-6A85-4A4A-A9BE-BFDD148234A3}.Release|x86.ActiveCfg = Release|Any CPU
		{27FC6249-6A85-4A4A-A9BE-BFDD148234A3}.Release|x86.Build.0 = Release|Any CPU
		{218C042F-B90D-40C5-AC9A-3672E5AB37A0}.Debug|Any CPU.ActiveCfg = Debug|Any CPU
		{218C042F-B90D-40C5-AC9A-3672E5AB37A0}.Debug|Any CPU.Build.0 = Debug|Any CPU
		{218C042F-B90D-40C5-AC9A-3672E5AB37A0}.Debug|x64.ActiveCfg = Debug|Any CPU
		{218C042F-B90D-40C5-AC9A-3672E5AB37A0}.Debug|x64.Build.0 = Debug|Any CPU
		{218C042F-B90D-40C5-AC9A-3672E5AB37A0}.Debug|x86.ActiveCfg = Debug|Any CPU
		{218C042F-B90D-40C5-AC9A-3672E5AB37A0}.Debug|x86.Build.0 = Debug|Any CPU
		{218C042F-B90D-40C5-AC9A-3672E5AB37A0}.Release|Any CPU.ActiveCfg = Release|Any CPU
		{218C042F-B90D-40C5-AC9A-3672E5AB37A0}.Release|Any CPU.Build.0 = Release|Any CPU
		{218C042F-B90D-40C5-AC9A-3672E5AB37A0}.Release|x64.ActiveCfg = Release|Any CPU
		{218C042F-B90D-40C5-AC9A-3672E5AB37A0}.Release|x64.Build.0 = Release|Any CPU
		{218C042F-B90D-40C5-AC9A-3672E5AB37A0}.Release|x86.ActiveCfg = Release|Any CPU
		{218C042F-B90D-40C5-AC9A-3672E5AB37A0}.Release|x86.Build.0 = Release|Any CPU
		{EA2908A0-39B1-4558-9776-87041E745014}.Debug|Any CPU.ActiveCfg = Debug|Any CPU
		{EA2908A0-39B1-4558-9776-87041E745014}.Debug|Any CPU.Build.0 = Debug|Any CPU
		{EA2908A0-39B1-4558-9776-87041E745014}.Debug|x64.ActiveCfg = Debug|Any CPU
		{EA2908A0-39B1-4558-9776-87041E745014}.Debug|x64.Build.0 = Debug|Any CPU
		{EA2908A0-39B1-4558-9776-87041E745014}.Debug|x86.ActiveCfg = Debug|Any CPU
		{EA2908A0-39B1-4558-9776-87041E745014}.Debug|x86.Build.0 = Debug|Any CPU
		{EA2908A0-39B1-4558-9776-87041E745014}.Release|Any CPU.ActiveCfg = Release|Any CPU
		{EA2908A0-39B1-4558-9776-87041E745014}.Release|Any CPU.Build.0 = Release|Any CPU
		{EA2908A0-39B1-4558-9776-87041E745014}.Release|x64.ActiveCfg = Release|Any CPU
		{EA2908A0-39B1-4558-9776-87041E745014}.Release|x64.Build.0 = Release|Any CPU
		{EA2908A0-39B1-4558-9776-87041E745014}.Release|x86.ActiveCfg = Release|Any CPU
		{EA2908A0-39B1-4558-9776-87041E745014}.Release|x86.Build.0 = Release|Any CPU
		{D30E0AF9-E0DB-4153-A1C3-2363643BEB59}.Debug|Any CPU.ActiveCfg = Debug|Any CPU
		{D30E0AF9-E0DB-4153-A1C3-2363643BEB59}.Debug|Any CPU.Build.0 = Debug|Any CPU
		{D30E0AF9-E0DB-4153-A1C3-2363643BEB59}.Debug|x64.ActiveCfg = Debug|Any CPU
		{D30E0AF9-E0DB-4153-A1C3-2363643BEB59}.Debug|x64.Build.0 = Debug|Any CPU
		{D30E0AF9-E0DB-4153-A1C3-2363643BEB59}.Debug|x86.ActiveCfg = Debug|Any CPU
		{D30E0AF9-E0DB-4153-A1C3-2363643BEB59}.Debug|x86.Build.0 = Debug|Any CPU
		{D30E0AF9-E0DB-4153-A1C3-2363643BEB59}.Release|Any CPU.ActiveCfg = Release|Any CPU
		{D30E0AF9-E0DB-4153-A1C3-2363643BEB59}.Release|Any CPU.Build.0 = Release|Any CPU
		{D30E0AF9-E0DB-4153-A1C3-2363643BEB59}.Release|x64.ActiveCfg = Release|Any CPU
		{D30E0AF9-E0DB-4153-A1C3-2363643BEB59}.Release|x64.Build.0 = Release|Any CPU
		{D30E0AF9-E0DB-4153-A1C3-2363643BEB59}.Release|x86.ActiveCfg = Release|Any CPU
		{D30E0AF9-E0DB-4153-A1C3-2363643BEB59}.Release|x86.Build.0 = Release|Any CPU
		{FDF7D431-2AF6-43C0-9099-5A41426975C0}.Debug|Any CPU.ActiveCfg = Debug|Any CPU
		{FDF7D431-2AF6-43C0-9099-5A41426975C0}.Debug|Any CPU.Build.0 = Debug|Any CPU
		{FDF7D431-2AF6-43C0-9099-5A41426975C0}.Debug|x64.ActiveCfg = Debug|Any CPU
		{FDF7D431-2AF6-43C0-9099-5A41426975C0}.Debug|x64.Build.0 = Debug|Any CPU
		{FDF7D431-2AF6-43C0-9099-5A41426975C0}.Debug|x86.ActiveCfg = Debug|Any CPU
		{FDF7D431-2AF6-43C0-9099-5A41426975C0}.Debug|x86.Build.0 = Debug|Any CPU
		{FDF7D431-2AF6-43C0-9099-5A41426975C0}.Release|Any CPU.ActiveCfg = Release|Any CPU
		{FDF7D431-2AF6-43C0-9099-5A41426975C0}.Release|Any CPU.Build.0 = Release|Any CPU
		{FDF7D431-2AF6-43C0-9099-5A41426975C0}.Release|x64.ActiveCfg = Release|Any CPU
		{FDF7D431-2AF6-43C0-9099-5A41426975C0}.Release|x64.Build.0 = Release|Any CPU
		{FDF7D431-2AF6-43C0-9099-5A41426975C0}.Release|x86.ActiveCfg = Release|Any CPU
		{FDF7D431-2AF6-43C0-9099-5A41426975C0}.Release|x86.Build.0 = Release|Any CPU
		{581A76A8-B95F-4C5A-BF5E-32A3166D9C07}.Debug|Any CPU.ActiveCfg = Debug|Any CPU
		{581A76A8-B95F-4C5A-BF5E-32A3166D9C07}.Debug|Any CPU.Build.0 = Debug|Any CPU
		{581A76A8-B95F-4C5A-BF5E-32A3166D9C07}.Debug|x64.ActiveCfg = Debug|Any CPU
		{581A76A8-B95F-4C5A-BF5E-32A3166D9C07}.Debug|x64.Build.0 = Debug|Any CPU
		{581A76A8-B95F-4C5A-BF5E-32A3166D9C07}.Debug|x86.ActiveCfg = Debug|Any CPU
		{581A76A8-B95F-4C5A-BF5E-32A3166D9C07}.Debug|x86.Build.0 = Debug|Any CPU
		{581A76A8-B95F-4C5A-BF5E-32A3166D9C07}.Release|Any CPU.ActiveCfg = Release|Any CPU
		{581A76A8-B95F-4C5A-BF5E-32A3166D9C07}.Release|Any CPU.Build.0 = Release|Any CPU
		{581A76A8-B95F-4C5A-BF5E-32A3166D9C07}.Release|x64.ActiveCfg = Release|Any CPU
		{581A76A8-B95F-4C5A-BF5E-32A3166D9C07}.Release|x64.Build.0 = Release|Any CPU
		{581A76A8-B95F-4C5A-BF5E-32A3166D9C07}.Release|x86.ActiveCfg = Release|Any CPU
		{581A76A8-B95F-4C5A-BF5E-32A3166D9C07}.Release|x86.Build.0 = Release|Any CPU
		{CD82F9DF-D58C-46C5-BC7D-9F26C308BB49}.Debug|Any CPU.ActiveCfg = Debug|Any CPU
		{CD82F9DF-D58C-46C5-BC7D-9F26C308BB49}.Debug|Any CPU.Build.0 = Debug|Any CPU
		{CD82F9DF-D58C-46C5-BC7D-9F26C308BB49}.Debug|x64.ActiveCfg = Debug|Any CPU
		{CD82F9DF-D58C-46C5-BC7D-9F26C308BB49}.Debug|x64.Build.0 = Debug|Any CPU
		{CD82F9DF-D58C-46C5-BC7D-9F26C308BB49}.Debug|x86.ActiveCfg = Debug|Any CPU
		{CD82F9DF-D58C-46C5-BC7D-9F26C308BB49}.Debug|x86.Build.0 = Debug|Any CPU
		{CD82F9DF-D58C-46C5-BC7D-9F26C308BB49}.Release|Any CPU.ActiveCfg = Release|Any CPU
		{CD82F9DF-D58C-46C5-BC7D-9F26C308BB49}.Release|Any CPU.Build.0 = Release|Any CPU
		{CD82F9DF-D58C-46C5-BC7D-9F26C308BB49}.Release|x64.ActiveCfg = Release|Any CPU
		{CD82F9DF-D58C-46C5-BC7D-9F26C308BB49}.Release|x64.Build.0 = Release|Any CPU
		{CD82F9DF-D58C-46C5-BC7D-9F26C308BB49}.Release|x86.ActiveCfg = Release|Any CPU
		{CD82F9DF-D58C-46C5-BC7D-9F26C308BB49}.Release|x86.Build.0 = Release|Any CPU
		{6769D057-08D8-4A41-B3A5-B7744B43C0E7}.Debug|Any CPU.ActiveCfg = Debug|Any CPU
		{6769D057-08D8-4A41-B3A5-B7744B43C0E7}.Debug|Any CPU.Build.0 = Debug|Any CPU
		{6769D057-08D8-4A41-B3A5-B7744B43C0E7}.Debug|x64.ActiveCfg = Debug|Any CPU
		{6769D057-08D8-4A41-B3A5-B7744B43C0E7}.Debug|x64.Build.0 = Debug|Any CPU
		{6769D057-08D8-4A41-B3A5-B7744B43C0E7}.Debug|x86.ActiveCfg = Debug|Any CPU
		{6769D057-08D8-4A41-B3A5-B7744B43C0E7}.Debug|x86.Build.0 = Debug|Any CPU
		{6769D057-08D8-4A41-B3A5-B7744B43C0E7}.Release|Any CPU.ActiveCfg = Release|Any CPU
		{6769D057-08D8-4A41-B3A5-B7744B43C0E7}.Release|Any CPU.Build.0 = Release|Any CPU
		{6769D057-08D8-4A41-B3A5-B7744B43C0E7}.Release|x64.ActiveCfg = Release|Any CPU
		{6769D057-08D8-4A41-B3A5-B7744B43C0E7}.Release|x64.Build.0 = Release|Any CPU
		{6769D057-08D8-4A41-B3A5-B7744B43C0E7}.Release|x86.ActiveCfg = Release|Any CPU
		{6769D057-08D8-4A41-B3A5-B7744B43C0E7}.Release|x86.Build.0 = Release|Any CPU
		{D69E3C87-AD5B-4F50-B039-045242FFD083}.Debug|Any CPU.ActiveCfg = Debug|Any CPU
		{D69E3C87-AD5B-4F50-B039-045242FFD083}.Debug|Any CPU.Build.0 = Debug|Any CPU
		{D69E3C87-AD5B-4F50-B039-045242FFD083}.Debug|x64.ActiveCfg = Debug|Any CPU
		{D69E3C87-AD5B-4F50-B039-045242FFD083}.Debug|x64.Build.0 = Debug|Any CPU
		{D69E3C87-AD5B-4F50-B039-045242FFD083}.Debug|x86.ActiveCfg = Debug|Any CPU
		{D69E3C87-AD5B-4F50-B039-045242FFD083}.Debug|x86.Build.0 = Debug|Any CPU
		{D69E3C87-AD5B-4F50-B039-045242FFD083}.Release|Any CPU.ActiveCfg = Release|Any CPU
		{D69E3C87-AD5B-4F50-B039-045242FFD083}.Release|Any CPU.Build.0 = Release|Any CPU
		{D69E3C87-AD5B-4F50-B039-045242FFD083}.Release|x64.ActiveCfg = Release|Any CPU
		{D69E3C87-AD5B-4F50-B039-045242FFD083}.Release|x64.Build.0 = Release|Any CPU
		{D69E3C87-AD5B-4F50-B039-045242FFD083}.Release|x86.ActiveCfg = Release|Any CPU
		{D69E3C87-AD5B-4F50-B039-045242FFD083}.Release|x86.Build.0 = Release|Any CPU
		{CF063A31-CB72-40FC-93ED-E557C815154B}.Debug|Any CPU.ActiveCfg = Debug|Any CPU
		{CF063A31-CB72-40FC-93ED-E557C815154B}.Debug|Any CPU.Build.0 = Debug|Any CPU
		{CF063A31-CB72-40FC-93ED-E557C815154B}.Debug|x64.ActiveCfg = Debug|Any CPU
		{CF063A31-CB72-40FC-93ED-E557C815154B}.Debug|x64.Build.0 = Debug|Any CPU
		{CF063A31-CB72-40FC-93ED-E557C815154B}.Debug|x86.ActiveCfg = Debug|Any CPU
		{CF063A31-CB72-40FC-93ED-E557C815154B}.Debug|x86.Build.0 = Debug|Any CPU
		{CF063A31-CB72-40FC-93ED-E557C815154B}.Release|Any CPU.ActiveCfg = Release|Any CPU
		{CF063A31-CB72-40FC-93ED-E557C815154B}.Release|Any CPU.Build.0 = Release|Any CPU
		{CF063A31-CB72-40FC-93ED-E557C815154B}.Release|x64.ActiveCfg = Release|Any CPU
		{CF063A31-CB72-40FC-93ED-E557C815154B}.Release|x64.Build.0 = Release|Any CPU
		{CF063A31-CB72-40FC-93ED-E557C815154B}.Release|x86.ActiveCfg = Release|Any CPU
		{CF063A31-CB72-40FC-93ED-E557C815154B}.Release|x86.Build.0 = Release|Any CPU
		{3712BAAA-7547-4462-BAAA-C96FAB62203D}.Debug|Any CPU.ActiveCfg = Debug|Any CPU
		{3712BAAA-7547-4462-BAAA-C96FAB62203D}.Debug|Any CPU.Build.0 = Debug|Any CPU
		{3712BAAA-7547-4462-BAAA-C96FAB62203D}.Debug|x64.ActiveCfg = Debug|Any CPU
		{3712BAAA-7547-4462-BAAA-C96FAB62203D}.Debug|x64.Build.0 = Debug|Any CPU
		{3712BAAA-7547-4462-BAAA-C96FAB62203D}.Debug|x86.ActiveCfg = Debug|Any CPU
		{3712BAAA-7547-4462-BAAA-C96FAB62203D}.Debug|x86.Build.0 = Debug|Any CPU
		{3712BAAA-7547-4462-BAAA-C96FAB62203D}.Release|Any CPU.ActiveCfg = Release|Any CPU
		{3712BAAA-7547-4462-BAAA-C96FAB62203D}.Release|Any CPU.Build.0 = Release|Any CPU
		{3712BAAA-7547-4462-BAAA-C96FAB62203D}.Release|x64.ActiveCfg = Release|Any CPU
		{3712BAAA-7547-4462-BAAA-C96FAB62203D}.Release|x64.Build.0 = Release|Any CPU
		{3712BAAA-7547-4462-BAAA-C96FAB62203D}.Release|x86.ActiveCfg = Release|Any CPU
		{3712BAAA-7547-4462-BAAA-C96FAB62203D}.Release|x86.Build.0 = Release|Any CPU
		{AC6519BF-9B44-494D-8423-76C3BD06D698}.Debug|Any CPU.ActiveCfg = Debug|Any CPU
		{AC6519BF-9B44-494D-8423-76C3BD06D698}.Debug|Any CPU.Build.0 = Debug|Any CPU
		{AC6519BF-9B44-494D-8423-76C3BD06D698}.Debug|x64.ActiveCfg = Debug|Any CPU
		{AC6519BF-9B44-494D-8423-76C3BD06D698}.Debug|x64.Build.0 = Debug|Any CPU
		{AC6519BF-9B44-494D-8423-76C3BD06D698}.Debug|x86.ActiveCfg = Debug|Any CPU
		{AC6519BF-9B44-494D-8423-76C3BD06D698}.Debug|x86.Build.0 = Debug|Any CPU
		{AC6519BF-9B44-494D-8423-76C3BD06D698}.Release|Any CPU.ActiveCfg = Release|Any CPU
		{AC6519BF-9B44-494D-8423-76C3BD06D698}.Release|Any CPU.Build.0 = Release|Any CPU
		{AC6519BF-9B44-494D-8423-76C3BD06D698}.Release|x64.ActiveCfg = Release|Any CPU
		{AC6519BF-9B44-494D-8423-76C3BD06D698}.Release|x64.Build.0 = Release|Any CPU
		{AC6519BF-9B44-494D-8423-76C3BD06D698}.Release|x86.ActiveCfg = Release|Any CPU
		{AC6519BF-9B44-494D-8423-76C3BD06D698}.Release|x86.Build.0 = Release|Any CPU
		{B5A7929C-D3D1-4A0B-BA52-96FFE97AFF31}.Debug|Any CPU.ActiveCfg = Debug|Any CPU
		{B5A7929C-D3D1-4A0B-BA52-96FFE97AFF31}.Debug|Any CPU.Build.0 = Debug|Any CPU
		{B5A7929C-D3D1-4A0B-BA52-96FFE97AFF31}.Debug|x64.ActiveCfg = Debug|Any CPU
		{B5A7929C-D3D1-4A0B-BA52-96FFE97AFF31}.Debug|x64.Build.0 = Debug|Any CPU
		{B5A7929C-D3D1-4A0B-BA52-96FFE97AFF31}.Debug|x86.ActiveCfg = Debug|Any CPU
		{B5A7929C-D3D1-4A0B-BA52-96FFE97AFF31}.Debug|x86.Build.0 = Debug|Any CPU
		{B5A7929C-D3D1-4A0B-BA52-96FFE97AFF31}.Release|Any CPU.ActiveCfg = Release|Any CPU
		{B5A7929C-D3D1-4A0B-BA52-96FFE97AFF31}.Release|Any CPU.Build.0 = Release|Any CPU
		{B5A7929C-D3D1-4A0B-BA52-96FFE97AFF31}.Release|x64.ActiveCfg = Release|Any CPU
		{B5A7929C-D3D1-4A0B-BA52-96FFE97AFF31}.Release|x64.Build.0 = Release|Any CPU
		{B5A7929C-D3D1-4A0B-BA52-96FFE97AFF31}.Release|x86.ActiveCfg = Release|Any CPU
		{B5A7929C-D3D1-4A0B-BA52-96FFE97AFF31}.Release|x86.Build.0 = Release|Any CPU
		{6A674742-5EEB-43CD-88AD-2AE5DFF05807}.Debug|Any CPU.ActiveCfg = Debug|Any CPU
		{6A674742-5EEB-43CD-88AD-2AE5DFF05807}.Debug|Any CPU.Build.0 = Debug|Any CPU
		{6A674742-5EEB-43CD-88AD-2AE5DFF05807}.Debug|x64.ActiveCfg = Debug|Any CPU
		{6A674742-5EEB-43CD-88AD-2AE5DFF05807}.Debug|x64.Build.0 = Debug|Any CPU
		{6A674742-5EEB-43CD-88AD-2AE5DFF05807}.Debug|x86.ActiveCfg = Debug|Any CPU
		{6A674742-5EEB-43CD-88AD-2AE5DFF05807}.Debug|x86.Build.0 = Debug|Any CPU
		{6A674742-5EEB-43CD-88AD-2AE5DFF05807}.Release|Any CPU.ActiveCfg = Release|Any CPU
		{6A674742-5EEB-43CD-88AD-2AE5DFF05807}.Release|Any CPU.Build.0 = Release|Any CPU
		{6A674742-5EEB-43CD-88AD-2AE5DFF05807}.Release|x64.ActiveCfg = Release|Any CPU
		{6A674742-5EEB-43CD-88AD-2AE5DFF05807}.Release|x64.Build.0 = Release|Any CPU
		{6A674742-5EEB-43CD-88AD-2AE5DFF05807}.Release|x86.ActiveCfg = Release|Any CPU
		{6A674742-5EEB-43CD-88AD-2AE5DFF05807}.Release|x86.Build.0 = Release|Any CPU
		{BDE0F041-DD1F-4311-BBFE-CD72DDA9092F}.Debug|Any CPU.ActiveCfg = Debug|Any CPU
		{BDE0F041-DD1F-4311-BBFE-CD72DDA9092F}.Debug|Any CPU.Build.0 = Debug|Any CPU
		{BDE0F041-DD1F-4311-BBFE-CD72DDA9092F}.Debug|x64.ActiveCfg = Debug|Any CPU
		{BDE0F041-DD1F-4311-BBFE-CD72DDA9092F}.Debug|x64.Build.0 = Debug|Any CPU
		{BDE0F041-DD1F-4311-BBFE-CD72DDA9092F}.Debug|x86.ActiveCfg = Debug|Any CPU
		{BDE0F041-DD1F-4311-BBFE-CD72DDA9092F}.Debug|x86.Build.0 = Debug|Any CPU
		{BDE0F041-DD1F-4311-BBFE-CD72DDA9092F}.Release|Any CPU.ActiveCfg = Release|Any CPU
		{BDE0F041-DD1F-4311-BBFE-CD72DDA9092F}.Release|Any CPU.Build.0 = Release|Any CPU
		{BDE0F041-DD1F-4311-BBFE-CD72DDA9092F}.Release|x64.ActiveCfg = Release|Any CPU
		{BDE0F041-DD1F-4311-BBFE-CD72DDA9092F}.Release|x64.Build.0 = Release|Any CPU
		{BDE0F041-DD1F-4311-BBFE-CD72DDA9092F}.Release|x86.ActiveCfg = Release|Any CPU
		{BDE0F041-DD1F-4311-BBFE-CD72DDA9092F}.Release|x86.Build.0 = Release|Any CPU
		{3DA88D6F-BBEF-4117-BF8B-9FFB778FB802}.Debug|Any CPU.ActiveCfg = Debug|Any CPU
		{3DA88D6F-BBEF-4117-BF8B-9FFB778FB802}.Debug|Any CPU.Build.0 = Debug|Any CPU
		{3DA88D6F-BBEF-4117-BF8B-9FFB778FB802}.Debug|x64.ActiveCfg = Debug|Any CPU
		{3DA88D6F-BBEF-4117-BF8B-9FFB778FB802}.Debug|x64.Build.0 = Debug|Any CPU
		{3DA88D6F-BBEF-4117-BF8B-9FFB778FB802}.Debug|x86.ActiveCfg = Debug|Any CPU
		{3DA88D6F-BBEF-4117-BF8B-9FFB778FB802}.Debug|x86.Build.0 = Debug|Any CPU
		{3DA88D6F-BBEF-4117-BF8B-9FFB778FB802}.Release|Any CPU.ActiveCfg = Release|Any CPU
		{3DA88D6F-BBEF-4117-BF8B-9FFB778FB802}.Release|Any CPU.Build.0 = Release|Any CPU
		{3DA88D6F-BBEF-4117-BF8B-9FFB778FB802}.Release|x64.ActiveCfg = Release|Any CPU
		{3DA88D6F-BBEF-4117-BF8B-9FFB778FB802}.Release|x64.Build.0 = Release|Any CPU
		{3DA88D6F-BBEF-4117-BF8B-9FFB778FB802}.Release|x86.ActiveCfg = Release|Any CPU
		{3DA88D6F-BBEF-4117-BF8B-9FFB778FB802}.Release|x86.Build.0 = Release|Any CPU
		{C4B7479D-CB97-4B48-BA99-3AE66B697DDC}.Debug|Any CPU.ActiveCfg = Debug|Any CPU
		{C4B7479D-CB97-4B48-BA99-3AE66B697DDC}.Debug|Any CPU.Build.0 = Debug|Any CPU
		{C4B7479D-CB97-4B48-BA99-3AE66B697DDC}.Debug|x64.ActiveCfg = Debug|Any CPU
		{C4B7479D-CB97-4B48-BA99-3AE66B697DDC}.Debug|x64.Build.0 = Debug|Any CPU
		{C4B7479D-CB97-4B48-BA99-3AE66B697DDC}.Debug|x86.ActiveCfg = Debug|Any CPU
		{C4B7479D-CB97-4B48-BA99-3AE66B697DDC}.Debug|x86.Build.0 = Debug|Any CPU
		{C4B7479D-CB97-4B48-BA99-3AE66B697DDC}.Release|Any CPU.ActiveCfg = Release|Any CPU
		{C4B7479D-CB97-4B48-BA99-3AE66B697DDC}.Release|Any CPU.Build.0 = Release|Any CPU
		{C4B7479D-CB97-4B48-BA99-3AE66B697DDC}.Release|x64.ActiveCfg = Release|Any CPU
		{C4B7479D-CB97-4B48-BA99-3AE66B697DDC}.Release|x64.Build.0 = Release|Any CPU
		{C4B7479D-CB97-4B48-BA99-3AE66B697DDC}.Release|x86.ActiveCfg = Release|Any CPU
		{C4B7479D-CB97-4B48-BA99-3AE66B697DDC}.Release|x86.Build.0 = Release|Any CPU
		{C3B28E02-7784-4696-AFCF-36494D81D368}.Debug|Any CPU.ActiveCfg = Debug|Any CPU
		{C3B28E02-7784-4696-AFCF-36494D81D368}.Debug|Any CPU.Build.0 = Debug|Any CPU
		{C3B28E02-7784-4696-AFCF-36494D81D368}.Debug|x64.ActiveCfg = Debug|Any CPU
		{C3B28E02-7784-4696-AFCF-36494D81D368}.Debug|x64.Build.0 = Debug|Any CPU
		{C3B28E02-7784-4696-AFCF-36494D81D368}.Debug|x86.ActiveCfg = Debug|Any CPU
		{C3B28E02-7784-4696-AFCF-36494D81D368}.Debug|x86.Build.0 = Debug|Any CPU
		{C3B28E02-7784-4696-AFCF-36494D81D368}.Release|Any CPU.ActiveCfg = Release|Any CPU
		{C3B28E02-7784-4696-AFCF-36494D81D368}.Release|Any CPU.Build.0 = Release|Any CPU
		{C3B28E02-7784-4696-AFCF-36494D81D368}.Release|x64.ActiveCfg = Release|Any CPU
		{C3B28E02-7784-4696-AFCF-36494D81D368}.Release|x64.Build.0 = Release|Any CPU
		{C3B28E02-7784-4696-AFCF-36494D81D368}.Release|x86.ActiveCfg = Release|Any CPU
		{C3B28E02-7784-4696-AFCF-36494D81D368}.Release|x86.Build.0 = Release|Any CPU
		{6E30235B-FA9C-4B1C-B361-80875D9E8E23}.Debug|Any CPU.ActiveCfg = Debug|Any CPU
		{6E30235B-FA9C-4B1C-B361-80875D9E8E23}.Debug|Any CPU.Build.0 = Debug|Any CPU
		{6E30235B-FA9C-4B1C-B361-80875D9E8E23}.Debug|x64.ActiveCfg = Debug|Any CPU
		{6E30235B-FA9C-4B1C-B361-80875D9E8E23}.Debug|x64.Build.0 = Debug|Any CPU
		{6E30235B-FA9C-4B1C-B361-80875D9E8E23}.Debug|x86.ActiveCfg = Debug|Any CPU
		{6E30235B-FA9C-4B1C-B361-80875D9E8E23}.Debug|x86.Build.0 = Debug|Any CPU
		{6E30235B-FA9C-4B1C-B361-80875D9E8E23}.Release|Any CPU.ActiveCfg = Release|Any CPU
		{6E30235B-FA9C-4B1C-B361-80875D9E8E23}.Release|Any CPU.Build.0 = Release|Any CPU
		{6E30235B-FA9C-4B1C-B361-80875D9E8E23}.Release|x64.ActiveCfg = Release|Any CPU
		{6E30235B-FA9C-4B1C-B361-80875D9E8E23}.Release|x64.Build.0 = Release|Any CPU
		{6E30235B-FA9C-4B1C-B361-80875D9E8E23}.Release|x86.ActiveCfg = Release|Any CPU
		{6E30235B-FA9C-4B1C-B361-80875D9E8E23}.Release|x86.Build.0 = Release|Any CPU
		{63F27704-656A-48ED-A750-303FAFCCD2EE}.Debug|Any CPU.ActiveCfg = Debug|Any CPU
		{63F27704-656A-48ED-A750-303FAFCCD2EE}.Debug|Any CPU.Build.0 = Debug|Any CPU
		{63F27704-656A-48ED-A750-303FAFCCD2EE}.Debug|x64.ActiveCfg = Debug|Any CPU
		{63F27704-656A-48ED-A750-303FAFCCD2EE}.Debug|x64.Build.0 = Debug|Any CPU
		{63F27704-656A-48ED-A750-303FAFCCD2EE}.Debug|x86.ActiveCfg = Debug|Any CPU
		{63F27704-656A-48ED-A750-303FAFCCD2EE}.Debug|x86.Build.0 = Debug|Any CPU
		{63F27704-656A-48ED-A750-303FAFCCD2EE}.Release|Any CPU.ActiveCfg = Release|Any CPU
		{63F27704-656A-48ED-A750-303FAFCCD2EE}.Release|Any CPU.Build.0 = Release|Any CPU
		{63F27704-656A-48ED-A750-303FAFCCD2EE}.Release|x64.ActiveCfg = Release|Any CPU
		{63F27704-656A-48ED-A750-303FAFCCD2EE}.Release|x64.Build.0 = Release|Any CPU
		{63F27704-656A-48ED-A750-303FAFCCD2EE}.Release|x86.ActiveCfg = Release|Any CPU
		{63F27704-656A-48ED-A750-303FAFCCD2EE}.Release|x86.Build.0 = Release|Any CPU
		{59822F9C-80EF-4C07-B776-FC4F311B41D0}.Debug|Any CPU.ActiveCfg = Debug|Any CPU
		{59822F9C-80EF-4C07-B776-FC4F311B41D0}.Debug|Any CPU.Build.0 = Debug|Any CPU
		{59822F9C-80EF-4C07-B776-FC4F311B41D0}.Debug|x64.ActiveCfg = Debug|Any CPU
		{59822F9C-80EF-4C07-B776-FC4F311B41D0}.Debug|x64.Build.0 = Debug|Any CPU
		{59822F9C-80EF-4C07-B776-FC4F311B41D0}.Debug|x86.ActiveCfg = Debug|Any CPU
		{59822F9C-80EF-4C07-B776-FC4F311B41D0}.Debug|x86.Build.0 = Debug|Any CPU
		{59822F9C-80EF-4C07-B776-FC4F311B41D0}.Release|Any CPU.ActiveCfg = Release|Any CPU
		{59822F9C-80EF-4C07-B776-FC4F311B41D0}.Release|Any CPU.Build.0 = Release|Any CPU
		{59822F9C-80EF-4C07-B776-FC4F311B41D0}.Release|x64.ActiveCfg = Release|Any CPU
		{59822F9C-80EF-4C07-B776-FC4F311B41D0}.Release|x64.Build.0 = Release|Any CPU
		{59822F9C-80EF-4C07-B776-FC4F311B41D0}.Release|x86.ActiveCfg = Release|Any CPU
		{59822F9C-80EF-4C07-B776-FC4F311B41D0}.Release|x86.Build.0 = Release|Any CPU
	EndGlobalSection
	GlobalSection(SolutionProperties) = preSolution
		HideSolutionNode = FALSE
	EndGlobalSection
	GlobalSection(NestedProjects) = preSolution
		{D30E0AF9-E0DB-4153-A1C3-2363643BEB59} = {227A544D-3A4D-4B34-A6C0-BB1C86E4A42C}
		{FDF7D431-2AF6-43C0-9099-5A41426975C0} = {227A544D-3A4D-4B34-A6C0-BB1C86E4A42C}
		{581A76A8-B95F-4C5A-BF5E-32A3166D9C07} = {227A544D-3A4D-4B34-A6C0-BB1C86E4A42C}
		{CD82F9DF-D58C-46C5-BC7D-9F26C308BB49} = {227A544D-3A4D-4B34-A6C0-BB1C86E4A42C}
		{6769D057-08D8-4A41-B3A5-B7744B43C0E7} = {227A544D-3A4D-4B34-A6C0-BB1C86E4A42C}
		{D69E3C87-AD5B-4F50-B039-045242FFD083} = {227A544D-3A4D-4B34-A6C0-BB1C86E4A42C}
		{CF063A31-CB72-40FC-93ED-E557C815154B} = {227A544D-3A4D-4B34-A6C0-BB1C86E4A42C}
		{3712BAAA-7547-4462-BAAA-C96FAB62203D} = {227A544D-3A4D-4B34-A6C0-BB1C86E4A42C}
		{AC6519BF-9B44-494D-8423-76C3BD06D698} = {227A544D-3A4D-4B34-A6C0-BB1C86E4A42C}
		{B5A7929C-D3D1-4A0B-BA52-96FFE97AFF31} = {227A544D-3A4D-4B34-A6C0-BB1C86E4A42C}
		{6A674742-5EEB-43CD-88AD-2AE5DFF05807} = {227A544D-3A4D-4B34-A6C0-BB1C86E4A42C}
		{BDE0F041-DD1F-4311-BBFE-CD72DDA9092F} = {227A544D-3A4D-4B34-A6C0-BB1C86E4A42C}
		{3DA88D6F-BBEF-4117-BF8B-9FFB778FB802} = {227A544D-3A4D-4B34-A6C0-BB1C86E4A42C}
		{C4B7479D-CB97-4B48-BA99-3AE66B697DDC} = {227A544D-3A4D-4B34-A6C0-BB1C86E4A42C}
		{C3B28E02-7784-4696-AFCF-36494D81D368} = {227A544D-3A4D-4B34-A6C0-BB1C86E4A42C}
		{6E30235B-FA9C-4B1C-B361-80875D9E8E23} = {227A544D-3A4D-4B34-A6C0-BB1C86E4A42C}
		{63F27704-656A-48ED-A750-303FAFCCD2EE} = {227A544D-3A4D-4B34-A6C0-BB1C86E4A42C}
		{59822F9C-80EF-4C07-B776-FC4F311B41D0} = {227A544D-3A4D-4B34-A6C0-BB1C86E4A42C}
	EndGlobalSection
	GlobalSection(ExtensibilityGlobals) = postSolution
		SolutionGuid = {6BD275A4-C7F9-44C9-85A6-C58BFCE8E43B}
	EndGlobalSection
EndGlobal
